// !$*UTF8*$!
{
	archiveVersion = 1;
	classes = {
	};
	objectVersion = 56;
	objects = {

/* Begin PBXBuildFile section */
		9F13269D2BB27DD70000E108 /* AppDelegate.m in Sources */ = {isa = PBXBuildFile; fileRef = 9F13269C2BB27DD70000E108 /* AppDelegate.m */; };
		9F1326A02BB27DD70000E108 /* ViewController.m in Sources */ = {isa = PBXBuildFile; fileRef = 9F13269F2BB27DD70000E108 /* ViewController.m */; };
		9F1326A22BB27DD90000E108 /* Assets.xcassets in Resources */ = {isa = PBXBuildFile; fileRef = 9F1326A12BB27DD90000E108 /* Assets.xcassets */; };
		9F1326A52BB27DD90000E108 /* Main.storyboard in Resources */ = {isa = PBXBuildFile; fileRef = 9F1326A32BB27DD90000E108 /* Main.storyboard */; };
		9F1326A72BB27DD90000E108 /* main.m in Sources */ = {isa = PBXBuildFile; fileRef = 9F1326A62BB27DD90000E108 /* main.m */; };
		9F9032F62BBD4FD500912FDB /* AppDelegate.m in Sources */ = {isa = PBXBuildFile; fileRef = 9F9032F52BBD4FD500912FDB /* AppDelegate.m */; };
		9F9032F92BBD4FD500912FDB /* SceneDelegate.m in Sources */ = {isa = PBXBuildFile; fileRef = 9F9032F82BBD4FD500912FDB /* SceneDelegate.m */; };
		9F9032FC2BBD4FD500912FDB /* ViewController.m in Sources */ = {isa = PBXBuildFile; fileRef = 9F9032FB2BBD4FD500912FDB /* ViewController.m */; };
		9F9032FF2BBD4FD500912FDB /* Main.storyboard in Resources */ = {isa = PBXBuildFile; fileRef = 9F9032FD2BBD4FD500912FDB /* Main.storyboard */; };
		9F9033012BBD4FD700912FDB /* Assets.xcassets in Resources */ = {isa = PBXBuildFile; fileRef = 9F9033002BBD4FD700912FDB /* Assets.xcassets */; };
		9F9033042BBD4FD700912FDB /* LaunchScreen.storyboard in Resources */ = {isa = PBXBuildFile; fileRef = 9F9033022BBD4FD700912FDB /* LaunchScreen.storyboard */; };
		9F9033072BBD4FD700912FDB /* main.m in Sources */ = {isa = PBXBuildFile; fileRef = 9F9033062BBD4FD700912FDB /* main.m */; };
		9F9033172BBD515E00912FDB /* plane.png in Resources */ = {isa = PBXBuildFile; fileRef = 9F9033142BBD515E00912FDB /* plane.png */; };
		9F9033182BBD515E00912FDB /* plane.png in Resources */ = {isa = PBXBuildFile; fileRef = 9F9033142BBD515E00912FDB /* plane.png */; };
		9F9033192BBD515E00912FDB /* plane.obj in Resources */ = {isa = PBXBuildFile; fileRef = 9F9033152BBD515E00912FDB /* plane.obj */; };
		9F90331A2BBD515E00912FDB /* plane.obj in Resources */ = {isa = PBXBuildFile; fileRef = 9F9033152BBD515E00912FDB /* plane.obj */; };
		9F90331B2BBD515E00912FDB /* plane.mtl in Resources */ = {isa = PBXBuildFile; fileRef = 9F9033162BBD515E00912FDB /* plane.mtl */; };
		9F90331C2BBD515E00912FDB /* plane.mtl in Resources */ = {isa = PBXBuildFile; fileRef = 9F9033162BBD515E00912FDB /* plane.mtl */; };
		9F90332F2BBD530E00912FDB /* AAModel.m in Sources */ = {isa = PBXBuildFile; fileRef = 9F9033262BBD530E00912FDB /* AAModel.m */; };
		9F9033302BBD530E00912FDB /* AAModel.m in Sources */ = {isa = PBXBuildFile; fileRef = 9F9033262BBD530E00912FDB /* AAModel.m */; };
		9F9033312BBD530E00912FDB /* AAScene.m in Sources */ = {isa = PBXBuildFile; fileRef = 9F9033272BBD530E00912FDB /* AAScene.m */; };
		9F9033322BBD530E00912FDB /* AAScene.m in Sources */ = {isa = PBXBuildFile; fileRef = 9F9033272BBD530E00912FDB /* AAScene.m */; };
		9F9033332BBD530E00912FDB /* AAMath.m in Sources */ = {isa = PBXBuildFile; fileRef = 9F9033292BBD530E00912FDB /* AAMath.m */; };
		9F9033342BBD530E00912FDB /* AAMath.m in Sources */ = {isa = PBXBuildFile; fileRef = 9F9033292BBD530E00912FDB /* AAMath.m */; };
		9F9033352BBD530E00912FDB /* Basic.metal in Sources */ = {isa = PBXBuildFile; fileRef = 9F90332B2BBD530E00912FDB /* Basic.metal */; };
		9F9033362BBD530E00912FDB /* Basic.metal in Sources */ = {isa = PBXBuildFile; fileRef = 9F90332B2BBD530E00912FDB /* Basic.metal */; };
		9F9033372BBD530E00912FDB /* AACamera.m in Sources */ = {isa = PBXBuildFile; fileRef = 9F90332C2BBD530E00912FDB /* AACamera.m */; };
		9F9033382BBD530E00912FDB /* AACamera.m in Sources */ = {isa = PBXBuildFile; fileRef = 9F90332C2BBD530E00912FDB /* AACamera.m */; };
		9F9033392BBD530E00912FDB /* AAAssetManager.m in Sources */ = {isa = PBXBuildFile; fileRef = 9F90332D2BBD530E00912FDB /* AAAssetManager.m */; };
		9F90333A2BBD530E00912FDB /* AAAssetManager.m in Sources */ = {isa = PBXBuildFile; fileRef = 9F90332D2BBD530E00912FDB /* AAAssetManager.m */; };
		9F90333B2BBD530E00912FDB /* AAEngine.m in Sources */ = {isa = PBXBuildFile; fileRef = 9F90332E2BBD530E00912FDB /* AAEngine.m */; };
		9F90333C2BBD530E00912FDB /* AAEngine.m in Sources */ = {isa = PBXBuildFile; fileRef = 9F90332E2BBD530E00912FDB /* AAEngine.m */; };
		9F90336E2BBFF88C00912FDB /* house.obj in Resources */ = {isa = PBXBuildFile; fileRef = 9F90336B2BBFF88C00912FDB /* house.obj */; };
		9F90336F2BBFF88C00912FDB /* house.obj in Resources */ = {isa = PBXBuildFile; fileRef = 9F90336B2BBFF88C00912FDB /* house.obj */; };
		9F9033722BBFF88C00912FDB /* house.mtl in Resources */ = {isa = PBXBuildFile; fileRef = 9F90336D2BBFF88C00912FDB /* house.mtl */; };
		9F9033732BBFF88C00912FDB /* house.mtl in Resources */ = {isa = PBXBuildFile; fileRef = 9F90336D2BBFF88C00912FDB /* house.mtl */; };
		9FF0A7492BCCF20300E60D2F /* sponza.obj in Resources */ = {isa = PBXBuildFile; fileRef = 9FF0A5C72BCBF6F900E60D2F /* sponza.obj */; };
		9FF0A74A2BCCF20600E60D2F /* sponza.mtl in Resources */ = {isa = PBXBuildFile; fileRef = 9FF0A5C52BCBF6F900E60D2F /* sponza.mtl */; };
		9FF0A87C2BCCF64E00E60D2F /* sponza_ceiling_a_diff.png in Resources */ = {isa = PBXBuildFile; fileRef = 9FF0A8302BCCF64B00E60D2F /* sponza_ceiling_a_diff.png */; };
		9FF0A87D2BCCF64E00E60D2F /* sponza_ceiling_a_diff.png in Resources */ = {isa = PBXBuildFile; fileRef = 9FF0A8302BCCF64B00E60D2F /* sponza_ceiling_a_diff.png */; };
		9FF0A87E2BCCF64E00E60D2F /* vase_round.png in Resources */ = {isa = PBXBuildFile; fileRef = 9FF0A8312BCCF64B00E60D2F /* vase_round.png */; };
		9FF0A87F2BCCF64E00E60D2F /* vase_round.png in Resources */ = {isa = PBXBuildFile; fileRef = 9FF0A8312BCCF64B00E60D2F /* vase_round.png */; };
		9FF0A8802BCCF64E00E60D2F /* sponza_column_c_bump.png in Resources */ = {isa = PBXBuildFile; fileRef = 9FF0A8322BCCF64B00E60D2F /* sponza_column_c_bump.png */; };
		9FF0A8812BCCF64E00E60D2F /* sponza_column_c_bump.png in Resources */ = {isa = PBXBuildFile; fileRef = 9FF0A8322BCCF64B00E60D2F /* sponza_column_c_bump.png */; };
		9FF0A8822BCCF64E00E60D2F /* lion_bump.png in Resources */ = {isa = PBXBuildFile; fileRef = 9FF0A8332BCCF64C00E60D2F /* lion_bump.png */; };
		9FF0A8832BCCF64E00E60D2F /* lion_bump.png in Resources */ = {isa = PBXBuildFile; fileRef = 9FF0A8332BCCF64C00E60D2F /* lion_bump.png */; };
		9FF0A8842BCCF64E00E60D2F /* lion.png in Resources */ = {isa = PBXBuildFile; fileRef = 9FF0A8342BCCF64C00E60D2F /* lion.png */; };
		9FF0A8852BCCF64E00E60D2F /* lion.png in Resources */ = {isa = PBXBuildFile; fileRef = 9FF0A8342BCCF64C00E60D2F /* lion.png */; };
		9FF0A8862BCCF64E00E60D2F /* sponza_fabric_diff.png in Resources */ = {isa = PBXBuildFile; fileRef = 9FF0A8352BCCF64C00E60D2F /* sponza_fabric_diff.png */; };
		9FF0A8872BCCF64E00E60D2F /* sponza_fabric_diff.png in Resources */ = {isa = PBXBuildFile; fileRef = 9FF0A8352BCCF64C00E60D2F /* sponza_fabric_diff.png */; };
		9FF0A8882BCCF64E00E60D2F /* chain_texture_ddn.png in Resources */ = {isa = PBXBuildFile; fileRef = 9FF0A8362BCCF64C00E60D2F /* chain_texture_ddn.png */; };
		9FF0A8892BCCF64E00E60D2F /* chain_texture_ddn.png in Resources */ = {isa = PBXBuildFile; fileRef = 9FF0A8362BCCF64C00E60D2F /* chain_texture_ddn.png */; };
		9FF0A88A2BCCF64E00E60D2F /* sponza_ceiling_a_diff_NRM.png in Resources */ = {isa = PBXBuildFile; fileRef = 9FF0A8372BCCF64C00E60D2F /* sponza_ceiling_a_diff_NRM.png */; };
		9FF0A88B2BCCF64E00E60D2F /* sponza_ceiling_a_diff_NRM.png in Resources */ = {isa = PBXBuildFile; fileRef = 9FF0A8372BCCF64C00E60D2F /* sponza_ceiling_a_diff_NRM.png */; };
		9FF0A88C2BCCF64E00E60D2F /* spnza_bricks_a_spec.png in Resources */ = {isa = PBXBuildFile; fileRef = 9FF0A8382BCCF64C00E60D2F /* spnza_bricks_a_spec.png */; };
		9FF0A88D2BCCF64E00E60D2F /* spnza_bricks_a_spec.png in Resources */ = {isa = PBXBuildFile; fileRef = 9FF0A8382BCCF64C00E60D2F /* spnza_bricks_a_spec.png */; };
		9FF0A88E2BCCF64E00E60D2F /* sponza_floor_a_diff.png in Resources */ = {isa = PBXBuildFile; fileRef = 9FF0A8392BCCF64C00E60D2F /* sponza_floor_a_diff.png */; };
		9FF0A88F2BCCF64E00E60D2F /* sponza_floor_a_diff.png in Resources */ = {isa = PBXBuildFile; fileRef = 9FF0A8392BCCF64C00E60D2F /* sponza_floor_a_diff.png */; };
		9FF0A8902BCCF64E00E60D2F /* background_ddn.png in Resources */ = {isa = PBXBuildFile; fileRef = 9FF0A83A2BCCF64C00E60D2F /* background_ddn.png */; };
		9FF0A8912BCCF64E00E60D2F /* background_ddn.png in Resources */ = {isa = PBXBuildFile; fileRef = 9FF0A83A2BCCF64C00E60D2F /* background_ddn.png */; };
		9FF0A8922BCCF64E00E60D2F /* sponza_arch_spec.png in Resources */ = {isa = PBXBuildFile; fileRef = 9FF0A83B2BCCF64C00E60D2F /* sponza_arch_spec.png */; };
		9FF0A8932BCCF64E00E60D2F /* sponza_arch_spec.png in Resources */ = {isa = PBXBuildFile; fileRef = 9FF0A83B2BCCF64C00E60D2F /* sponza_arch_spec.png */; };
		9FF0A8942BCCF64E00E60D2F /* sponza_column_a_diff.png in Resources */ = {isa = PBXBuildFile; fileRef = 9FF0A83C2BCCF64C00E60D2F /* sponza_column_a_diff.png */; };
		9FF0A8952BCCF64E00E60D2F /* sponza_column_a_diff.png in Resources */ = {isa = PBXBuildFile; fileRef = 9FF0A83C2BCCF64C00E60D2F /* sponza_column_a_diff.png */; };
		9FF0A8962BCCF64E00E60D2F /* sponza_details_diff_NRM.png in Resources */ = {isa = PBXBuildFile; fileRef = 9FF0A83D2BCCF64C00E60D2F /* sponza_details_diff_NRM.png */; };
		9FF0A8972BCCF64E00E60D2F /* sponza_details_diff_NRM.png in Resources */ = {isa = PBXBuildFile; fileRef = 9FF0A83D2BCCF64C00E60D2F /* sponza_details_diff_NRM.png */; };
		9FF0A8982BCCF64E00E60D2F /* sponza_floor_a_spec.png in Resources */ = {isa = PBXBuildFile; fileRef = 9FF0A83E2BCCF64C00E60D2F /* sponza_floor_a_spec.png */; };
		9FF0A8992BCCF64E00E60D2F /* sponza_floor_a_spec.png in Resources */ = {isa = PBXBuildFile; fileRef = 9FF0A83E2BCCF64C00E60D2F /* sponza_floor_a_spec.png */; };
		9FF0A89A2BCCF64E00E60D2F /* sponza_roof_diff.png in Resources */ = {isa = PBXBuildFile; fileRef = 9FF0A83F2BCCF64C00E60D2F /* sponza_roof_diff.png */; };
		9FF0A89B2BCCF64E00E60D2F /* sponza_roof_diff.png in Resources */ = {isa = PBXBuildFile; fileRef = 9FF0A83F2BCCF64C00E60D2F /* sponza_roof_diff.png */; };
		9FF0A89C2BCCF64E00E60D2F /* vase_plant.png in Resources */ = {isa = PBXBuildFile; fileRef = 9FF0A8402BCCF64C00E60D2F /* vase_plant.png */; };
		9FF0A89D2BCCF64E00E60D2F /* vase_plant.png in Resources */ = {isa = PBXBuildFile; fileRef = 9FF0A8402BCCF64C00E60D2F /* vase_plant.png */; };
		9FF0A89E2BCCF64E00E60D2F /* vase_ddn.png in Resources */ = {isa = PBXBuildFile; fileRef = 9FF0A8412BCCF64C00E60D2F /* vase_ddn.png */; };
		9FF0A89F2BCCF64E00E60D2F /* vase_ddn.png in Resources */ = {isa = PBXBuildFile; fileRef = 9FF0A8412BCCF64C00E60D2F /* vase_ddn.png */; };
		9FF0A8A02BCCF64E00E60D2F /* vase_plant_spec.png in Resources */ = {isa = PBXBuildFile; fileRef = 9FF0A8422BCCF64C00E60D2F /* vase_plant_spec.png */; };
		9FF0A8A12BCCF64E00E60D2F /* vase_plant_spec.png in Resources */ = {isa = PBXBuildFile; fileRef = 9FF0A8422BCCF64C00E60D2F /* vase_plant_spec.png */; };
		9FF0A8A22BCCF64E00E60D2F /* sponza_column_b_spec.png in Resources */ = {isa = PBXBuildFile; fileRef = 9FF0A8432BCCF64C00E60D2F /* sponza_column_b_spec.png */; };
		9FF0A8A32BCCF64E00E60D2F /* sponza_column_b_spec.png in Resources */ = {isa = PBXBuildFile; fileRef = 9FF0A8432BCCF64C00E60D2F /* sponza_column_b_spec.png */; };
		9FF0A8A42BCCF64E00E60D2F /* sponza_details_diff.png in Resources */ = {isa = PBXBuildFile; fileRef = 9FF0A8442BCCF64C00E60D2F /* sponza_details_diff.png */; };
		9FF0A8A52BCCF64E00E60D2F /* sponza_details_diff.png in Resources */ = {isa = PBXBuildFile; fileRef = 9FF0A8442BCCF64C00E60D2F /* sponza_details_diff.png */; };
		9FF0A8A62BCCF64E00E60D2F /* sponza_curtain_blue_diff_NRM.png in Resources */ = {isa = PBXBuildFile; fileRef = 9FF0A8452BCCF64C00E60D2F /* sponza_curtain_blue_diff_NRM.png */; };
		9FF0A8A72BCCF64E00E60D2F /* sponza_curtain_blue_diff_NRM.png in Resources */ = {isa = PBXBuildFile; fileRef = 9FF0A8452BCCF64C00E60D2F /* sponza_curtain_blue_diff_NRM.png */; };
		9FF0A8A82BCCF64E00E60D2F /* vase_hanging.png in Resources */ = {isa = PBXBuildFile; fileRef = 9FF0A8462BCCF64C00E60D2F /* vase_hanging.png */; };
		9FF0A8A92BCCF64E00E60D2F /* vase_hanging.png in Resources */ = {isa = PBXBuildFile; fileRef = 9FF0A8462BCCF64C00E60D2F /* vase_hanging.png */; };
		9FF0A8AA2BCCF64E00E60D2F /* vase_round_ddn.png in Resources */ = {isa = PBXBuildFile; fileRef = 9FF0A8472BCCF64C00E60D2F /* vase_round_ddn.png */; };
		9FF0A8AB2BCCF64E00E60D2F /* vase_round_ddn.png in Resources */ = {isa = PBXBuildFile; fileRef = 9FF0A8472BCCF64C00E60D2F /* vase_round_ddn.png */; };
		9FF0A8AC2BCCF64E00E60D2F /* sponza_curtain_blue_diff.png in Resources */ = {isa = PBXBuildFile; fileRef = 9FF0A8482BCCF64C00E60D2F /* sponza_curtain_blue_diff.png */; };
		9FF0A8AD2BCCF64E00E60D2F /* sponza_curtain_blue_diff.png in Resources */ = {isa = PBXBuildFile; fileRef = 9FF0A8482BCCF64C00E60D2F /* sponza_curtain_blue_diff.png */; };
		9FF0A8AE2BCCF64E00E60D2F /* sponza_column_c_spec.png in Resources */ = {isa = PBXBuildFile; fileRef = 9FF0A8492BCCF64C00E60D2F /* sponza_column_c_spec.png */; };
		9FF0A8AF2BCCF64E00E60D2F /* sponza_column_c_spec.png in Resources */ = {isa = PBXBuildFile; fileRef = 9FF0A8492BCCF64C00E60D2F /* sponza_column_c_spec.png */; };
		9FF0A8B02BCCF64E00E60D2F /* background_bump.png in Resources */ = {isa = PBXBuildFile; fileRef = 9FF0A84A2BCCF64C00E60D2F /* background_bump.png */; };
		9FF0A8B12BCCF64E00E60D2F /* background_bump.png in Resources */ = {isa = PBXBuildFile; fileRef = 9FF0A84A2BCCF64C00E60D2F /* background_bump.png */; };
		9FF0A8B22BCCF64E00E60D2F /* vase_round_spec.png in Resources */ = {isa = PBXBuildFile; fileRef = 9FF0A84B2BCCF64C00E60D2F /* vase_round_spec.png */; };
		9FF0A8B32BCCF64E00E60D2F /* vase_round_spec.png in Resources */ = {isa = PBXBuildFile; fileRef = 9FF0A84B2BCCF64C00E60D2F /* vase_round_spec.png */; };
		9FF0A8B42BCCF64E00E60D2F /* backgroundBGR.png in Resources */ = {isa = PBXBuildFile; fileRef = 9FF0A84C2BCCF64C00E60D2F /* backgroundBGR.png */; };
		9FF0A8B52BCCF64E00E60D2F /* backgroundBGR.png in Resources */ = {isa = PBXBuildFile; fileRef = 9FF0A84C2BCCF64C00E60D2F /* backgroundBGR.png */; };
		9FF0A8B62BCCF64E00E60D2F /* chain_texture_mask.png in Resources */ = {isa = PBXBuildFile; fileRef = 9FF0A84D2BCCF64C00E60D2F /* chain_texture_mask.png */; };
		9FF0A8B72BCCF64E00E60D2F /* chain_texture_mask.png in Resources */ = {isa = PBXBuildFile; fileRef = 9FF0A84D2BCCF64C00E60D2F /* chain_texture_mask.png */; };
		9FF0A8B82BCCF64E00E60D2F /* sponza_column_a_ddn.png in Resources */ = {isa = PBXBuildFile; fileRef = 9FF0A84E2BCCF64C00E60D2F /* sponza_column_a_ddn.png */; };
		9FF0A8B92BCCF64E00E60D2F /* sponza_column_a_ddn.png in Resources */ = {isa = PBXBuildFile; fileRef = 9FF0A84E2BCCF64C00E60D2F /* sponza_column_a_ddn.png */; };
		9FF0A8BA2BCCF64E00E60D2F /* sponza_fabric_spec.png in Resources */ = {isa = PBXBuildFile; fileRef = 9FF0A84F2BCCF64C00E60D2F /* sponza_fabric_spec.png */; };
		9FF0A8BB2BCCF64E00E60D2F /* sponza_fabric_spec.png in Resources */ = {isa = PBXBuildFile; fileRef = 9FF0A84F2BCCF64C00E60D2F /* sponza_fabric_spec.png */; };
		9FF0A8BC2BCCF64E00E60D2F /* sponza_roof_diff_NRM.png in Resources */ = {isa = PBXBuildFile; fileRef = 9FF0A8502BCCF64C00E60D2F /* sponza_roof_diff_NRM.png */; };
		9FF0A8BD2BCCF64E00E60D2F /* sponza_roof_diff_NRM.png in Resources */ = {isa = PBXBuildFile; fileRef = 9FF0A8502BCCF64C00E60D2F /* sponza_roof_diff_NRM.png */; };
		9FF0A8BE2BCCF64E00E60D2F /* sponza_column_b_bump.png in Resources */ = {isa = PBXBuildFile; fileRef = 9FF0A8512BCCF64D00E60D2F /* sponza_column_b_bump.png */; };
		9FF0A8BF2BCCF64E00E60D2F /* sponza_column_b_bump.png in Resources */ = {isa = PBXBuildFile; fileRef = 9FF0A8512BCCF64D00E60D2F /* sponza_column_b_bump.png */; };
		9FF0A8C02BCCF64E00E60D2F /* sponza_column_a_bump.png in Resources */ = {isa = PBXBuildFile; fileRef = 9FF0A8522BCCF64D00E60D2F /* sponza_column_a_bump.png */; };
		9FF0A8C12BCCF64E00E60D2F /* sponza_column_a_bump.png in Resources */ = {isa = PBXBuildFile; fileRef = 9FF0A8522BCCF64D00E60D2F /* sponza_column_a_bump.png */; };
		9FF0A8C22BCCF64E00E60D2F /* background.png in Resources */ = {isa = PBXBuildFile; fileRef = 9FF0A8532BCCF64D00E60D2F /* background.png */; };
		9FF0A8C32BCCF64E00E60D2F /* background.png in Resources */ = {isa = PBXBuildFile; fileRef = 9FF0A8532BCCF64D00E60D2F /* background.png */; };
		9FF0A8C42BCCF64E00E60D2F /* sponza_column_b_diff.png in Resources */ = {isa = PBXBuildFile; fileRef = 9FF0A8542BCCF64D00E60D2F /* sponza_column_b_diff.png */; };
		9FF0A8C52BCCF64E00E60D2F /* sponza_column_b_diff.png in Resources */ = {isa = PBXBuildFile; fileRef = 9FF0A8542BCCF64D00E60D2F /* sponza_column_b_diff.png */; };
		9FF0A8C62BCCF64E00E60D2F /* vase_bump.png in Resources */ = {isa = PBXBuildFile; fileRef = 9FF0A8552BCCF64D00E60D2F /* vase_bump.png */; };
		9FF0A8C72BCCF64E00E60D2F /* vase_bump.png in Resources */ = {isa = PBXBuildFile; fileRef = 9FF0A8552BCCF64D00E60D2F /* vase_bump.png */; };
		9FF0A8C82BCCF64E00E60D2F /* sponza_floor_a_diff_NRM.png in Resources */ = {isa = PBXBuildFile; fileRef = 9FF0A8562BCCF64D00E60D2F /* sponza_floor_a_diff_NRM.png */; };
		9FF0A8C92BCCF64E00E60D2F /* sponza_floor_a_diff_NRM.png in Resources */ = {isa = PBXBuildFile; fileRef = 9FF0A8562BCCF64D00E60D2F /* sponza_floor_a_diff_NRM.png */; };
		9FF0A8CA2BCCF64E00E60D2F /* sponza_thorn_bump.png in Resources */ = {isa = PBXBuildFile; fileRef = 9FF0A8572BCCF64D00E60D2F /* sponza_thorn_bump.png */; };
		9FF0A8CB2BCCF64E00E60D2F /* sponza_thorn_bump.png in Resources */ = {isa = PBXBuildFile; fileRef = 9FF0A8572BCCF64D00E60D2F /* sponza_thorn_bump.png */; };
		9FF0A8CC2BCCF64E00E60D2F /* sponza_details_spec.png in Resources */ = {isa = PBXBuildFile; fileRef = 9FF0A8582BCCF64D00E60D2F /* sponza_details_spec.png */; };
		9FF0A8CD2BCCF64E00E60D2F /* sponza_details_spec.png in Resources */ = {isa = PBXBuildFile; fileRef = 9FF0A8582BCCF64D00E60D2F /* sponza_details_spec.png */; };
		9FF0A8CE2BCCF64E00E60D2F /* sponza_thorn_mask.png in Resources */ = {isa = PBXBuildFile; fileRef = 9FF0A8592BCCF64D00E60D2F /* sponza_thorn_mask.png */; };
		9FF0A8CF2BCCF64E00E60D2F /* sponza_thorn_mask.png in Resources */ = {isa = PBXBuildFile; fileRef = 9FF0A8592BCCF64D00E60D2F /* sponza_thorn_mask.png */; };
		9FF0A8D02BCCF64E00E60D2F /* vase_plant_mask.png in Resources */ = {isa = PBXBuildFile; fileRef = 9FF0A85A2BCCF64D00E60D2F /* vase_plant_mask.png */; };
		9FF0A8D12BCCF64E00E60D2F /* vase_plant_mask.png in Resources */ = {isa = PBXBuildFile; fileRef = 9FF0A85A2BCCF64D00E60D2F /* vase_plant_mask.png */; };
		9FF0A8D22BCCF64E00E60D2F /* chain_texture.png in Resources */ = {isa = PBXBuildFile; fileRef = 9FF0A85B2BCCF64D00E60D2F /* chain_texture.png */; };
		9FF0A8D32BCCF64E00E60D2F /* chain_texture.png in Resources */ = {isa = PBXBuildFile; fileRef = 9FF0A85B2BCCF64D00E60D2F /* chain_texture.png */; };
		9FF0A8D42BCCF64E00E60D2F /* sponza_arch_bump.png in Resources */ = {isa = PBXBuildFile; fileRef = 9FF0A85C2BCCF64D00E60D2F /* sponza_arch_bump.png */; };
		9FF0A8D52BCCF64E00E60D2F /* sponza_arch_bump.png in Resources */ = {isa = PBXBuildFile; fileRef = 9FF0A85C2BCCF64D00E60D2F /* sponza_arch_bump.png */; };
		9FF0A8D62BCCF64E00E60D2F /* sponza_arch_ddn.png in Resources */ = {isa = PBXBuildFile; fileRef = 9FF0A85D2BCCF64D00E60D2F /* sponza_arch_ddn.png */; };
		9FF0A8D72BCCF64E00E60D2F /* sponza_arch_ddn.png in Resources */ = {isa = PBXBuildFile; fileRef = 9FF0A85D2BCCF64D00E60D2F /* sponza_arch_ddn.png */; };
		9FF0A8D82BCCF64E00E60D2F /* sponza_fabric_green_diff.png in Resources */ = {isa = PBXBuildFile; fileRef = 9FF0A85E2BCCF64D00E60D2F /* sponza_fabric_green_diff.png */; };
		9FF0A8D92BCCF64E00E60D2F /* sponza_fabric_green_diff.png in Resources */ = {isa = PBXBuildFile; fileRef = 9FF0A85E2BCCF64D00E60D2F /* sponza_fabric_green_diff.png */; };
		9FF0A8DA2BCCF64E00E60D2F /* sponza_column_a_spec.png in Resources */ = {isa = PBXBuildFile; fileRef = 9FF0A85F2BCCF64D00E60D2F /* sponza_column_a_spec.png */; };
		9FF0A8DB2BCCF64E00E60D2F /* sponza_column_a_spec.png in Resources */ = {isa = PBXBuildFile; fileRef = 9FF0A85F2BCCF64D00E60D2F /* sponza_column_a_spec.png */; };
		9FF0A8DC2BCCF64E00E60D2F /* sponza_fabric_blue_diff.png in Resources */ = {isa = PBXBuildFile; fileRef = 9FF0A8602BCCF64D00E60D2F /* sponza_fabric_blue_diff.png */; };
		9FF0A8DD2BCCF64E00E60D2F /* sponza_fabric_blue_diff.png in Resources */ = {isa = PBXBuildFile; fileRef = 9FF0A8602BCCF64D00E60D2F /* sponza_fabric_blue_diff.png */; };
		9FF0A8DE2BCCF64E00E60D2F /* sponza_flagpole_spec.png in Resources */ = {isa = PBXBuildFile; fileRef = 9FF0A8612BCCF64D00E60D2F /* sponza_flagpole_spec.png */; };
		9FF0A8DF2BCCF64E00E60D2F /* sponza_flagpole_spec.png in Resources */ = {isa = PBXBuildFile; fileRef = 9FF0A8612BCCF64D00E60D2F /* sponza_flagpole_spec.png */; };
		9FF0A8E02BCCF64E00E60D2F /* spnza_bricks_a_bump.png in Resources */ = {isa = PBXBuildFile; fileRef = 9FF0A8622BCCF64D00E60D2F /* spnza_bricks_a_bump.png */; };
		9FF0A8E12BCCF64E00E60D2F /* spnza_bricks_a_bump.png in Resources */ = {isa = PBXBuildFile; fileRef = 9FF0A8622BCCF64D00E60D2F /* spnza_bricks_a_bump.png */; };
		9FF0A8E22BCCF64E00E60D2F /* spnza_bricks_a_ddn.png in Resources */ = {isa = PBXBuildFile; fileRef = 9FF0A8632BCCF64D00E60D2F /* spnza_bricks_a_ddn.png */; };
		9FF0A8E32BCCF64E00E60D2F /* spnza_bricks_a_ddn.png in Resources */ = {isa = PBXBuildFile; fileRef = 9FF0A8632BCCF64D00E60D2F /* spnza_bricks_a_ddn.png */; };
		9FF0A8E42BCCF64E00E60D2F /* spnza_bricks_a_diff.png in Resources */ = {isa = PBXBuildFile; fileRef = 9FF0A8642BCCF64D00E60D2F /* spnza_bricks_a_diff.png */; };
		9FF0A8E52BCCF64E00E60D2F /* spnza_bricks_a_diff.png in Resources */ = {isa = PBXBuildFile; fileRef = 9FF0A8642BCCF64D00E60D2F /* spnza_bricks_a_diff.png */; };
		9FF0A8E62BCCF64E00E60D2F /* sponza_column_c_ddn.png in Resources */ = {isa = PBXBuildFile; fileRef = 9FF0A8652BCCF64D00E60D2F /* sponza_column_c_ddn.png */; };
		9FF0A8E72BCCF64E00E60D2F /* sponza_column_c_ddn.png in Resources */ = {isa = PBXBuildFile; fileRef = 9FF0A8652BCCF64D00E60D2F /* sponza_column_c_ddn.png */; };
		9FF0A8E82BCCF64E00E60D2F /* gi_flag.png in Resources */ = {isa = PBXBuildFile; fileRef = 9FF0A8662BCCF64D00E60D2F /* gi_flag.png */; };
		9FF0A8E92BCCF64E00E60D2F /* gi_flag.png in Resources */ = {isa = PBXBuildFile; fileRef = 9FF0A8662BCCF64D00E60D2F /* gi_flag.png */; };
		9FF0A8EA2BCCF64E00E60D2F /* sponza_thorn_ddn.png in Resources */ = {isa = PBXBuildFile; fileRef = 9FF0A8672BCCF64D00E60D2F /* sponza_thorn_ddn.png */; };
		9FF0A8EB2BCCF64E00E60D2F /* sponza_thorn_ddn.png in Resources */ = {isa = PBXBuildFile; fileRef = 9FF0A8672BCCF64D00E60D2F /* sponza_thorn_ddn.png */; };
		9FF0A8EC2BCCF64E00E60D2F /* sponza_fabric_blue_diff_NRM.png in Resources */ = {isa = PBXBuildFile; fileRef = 9FF0A8682BCCF64D00E60D2F /* sponza_fabric_blue_diff_NRM.png */; };
		9FF0A8ED2BCCF64E00E60D2F /* sponza_fabric_blue_diff_NRM.png in Resources */ = {isa = PBXBuildFile; fileRef = 9FF0A8682BCCF64D00E60D2F /* sponza_fabric_blue_diff_NRM.png */; };
		9FF0A8EE2BCCF64E00E60D2F /* sponza_ceiling_a_spec.png in Resources */ = {isa = PBXBuildFile; fileRef = 9FF0A8692BCCF64D00E60D2F /* sponza_ceiling_a_spec.png */; };
		9FF0A8EF2BCCF64E00E60D2F /* sponza_ceiling_a_spec.png in Resources */ = {isa = PBXBuildFile; fileRef = 9FF0A8692BCCF64D00E60D2F /* sponza_ceiling_a_spec.png */; };
		9FF0A8F02BCCF64E00E60D2F /* sponza_curtain_diff.png in Resources */ = {isa = PBXBuildFile; fileRef = 9FF0A86A2BCCF64D00E60D2F /* sponza_curtain_diff.png */; };
		9FF0A8F12BCCF64E00E60D2F /* sponza_curtain_diff.png in Resources */ = {isa = PBXBuildFile; fileRef = 9FF0A86A2BCCF64D00E60D2F /* sponza_curtain_diff.png */; };
		9FF0A8F22BCCF64E00E60D2F /* chain_texture_bump.png in Resources */ = {isa = PBXBuildFile; fileRef = 9FF0A86B2BCCF64D00E60D2F /* chain_texture_bump.png */; };
		9FF0A8F32BCCF64E00E60D2F /* chain_texture_bump.png in Resources */ = {isa = PBXBuildFile; fileRef = 9FF0A86B2BCCF64D00E60D2F /* chain_texture_bump.png */; };
		9FF0A8F42BCCF64E00E60D2F /* sponza_flagpole_diff.png in Resources */ = {isa = PBXBuildFile; fileRef = 9FF0A86C2BCCF64D00E60D2F /* sponza_flagpole_diff.png */; };
		9FF0A8F52BCCF64E00E60D2F /* sponza_flagpole_diff.png in Resources */ = {isa = PBXBuildFile; fileRef = 9FF0A86C2BCCF64D00E60D2F /* sponza_flagpole_diff.png */; };
		9FF0A8F62BCCF64E00E60D2F /* vase_hanging_NRM.png in Resources */ = {isa = PBXBuildFile; fileRef = 9FF0A86D2BCCF64D00E60D2F /* vase_hanging_NRM.png */; };
		9FF0A8F72BCCF64E00E60D2F /* vase_hanging_NRM.png in Resources */ = {isa = PBXBuildFile; fileRef = 9FF0A86D2BCCF64D00E60D2F /* vase_hanging_NRM.png */; };
		9FF0A8F82BCCF64E00E60D2F /* sponza_arch_diff.png in Resources */ = {isa = PBXBuildFile; fileRef = 9FF0A86E2BCCF64D00E60D2F /* sponza_arch_diff.png */; };
		9FF0A8F92BCCF64E00E60D2F /* sponza_arch_diff.png in Resources */ = {isa = PBXBuildFile; fileRef = 9FF0A86E2BCCF64D00E60D2F /* sponza_arch_diff.png */; };
		9FF0A8FA2BCCF64E00E60D2F /* lion_ddn.png in Resources */ = {isa = PBXBuildFile; fileRef = 9FF0A86F2BCCF64D00E60D2F /* lion_ddn.png */; };
		9FF0A8FB2BCCF64E00E60D2F /* lion_ddn.png in Resources */ = {isa = PBXBuildFile; fileRef = 9FF0A86F2BCCF64D00E60D2F /* lion_ddn.png */; };
		9FF0A8FC2BCCF64E00E60D2F /* sponza_curtain_green_diff.png in Resources */ = {isa = PBXBuildFile; fileRef = 9FF0A8702BCCF64D00E60D2F /* sponza_curtain_green_diff.png */; };
		9FF0A8FD2BCCF64E00E60D2F /* sponza_curtain_green_diff.png in Resources */ = {isa = PBXBuildFile; fileRef = 9FF0A8702BCCF64D00E60D2F /* sponza_curtain_green_diff.png */; };
		9FF0A8FE2BCCF64E00E60D2F /* sponza_column_c_diff.png in Resources */ = {isa = PBXBuildFile; fileRef = 9FF0A8712BCCF64D00E60D2F /* sponza_column_c_diff.png */; };
		9FF0A8FF2BCCF64E00E60D2F /* sponza_column_c_diff.png in Resources */ = {isa = PBXBuildFile; fileRef = 9FF0A8712BCCF64D00E60D2F /* sponza_column_c_diff.png */; };
		9FF0A9002BCCF64E00E60D2F /* lion2_ddn.png in Resources */ = {isa = PBXBuildFile; fileRef = 9FF0A8722BCCF64D00E60D2F /* lion2_ddn.png */; };
		9FF0A9012BCCF64E00E60D2F /* lion2_ddn.png in Resources */ = {isa = PBXBuildFile; fileRef = 9FF0A8722BCCF64D00E60D2F /* lion2_ddn.png */; };
		9FF0A9022BCCF64E00E60D2F /* sponza_arch_diff_NRM.png in Resources */ = {isa = PBXBuildFile; fileRef = 9FF0A8732BCCF64E00E60D2F /* sponza_arch_diff_NRM.png */; };
		9FF0A9032BCCF64E00E60D2F /* sponza_arch_diff_NRM.png in Resources */ = {isa = PBXBuildFile; fileRef = 9FF0A8732BCCF64E00E60D2F /* sponza_arch_diff_NRM.png */; };
		9FF0A9042BCCF64E00E60D2F /* sponza_thorn_diff.png in Resources */ = {isa = PBXBuildFile; fileRef = 9FF0A8742BCCF64E00E60D2F /* sponza_thorn_diff.png */; };
		9FF0A9052BCCF64E00E60D2F /* sponza_thorn_diff.png in Resources */ = {isa = PBXBuildFile; fileRef = 9FF0A8742BCCF64E00E60D2F /* sponza_thorn_diff.png */; };
		9FF0A9062BCCF64E00E60D2F /* sponza_column_b_ddn.png in Resources */ = {isa = PBXBuildFile; fileRef = 9FF0A8752BCCF64E00E60D2F /* sponza_column_b_ddn.png */; };
		9FF0A9072BCCF64E00E60D2F /* sponza_column_b_ddn.png in Resources */ = {isa = PBXBuildFile; fileRef = 9FF0A8752BCCF64E00E60D2F /* sponza_column_b_ddn.png */; };
		9FF0A9082BCCF64E00E60D2F /* vase_dif.png in Resources */ = {isa = PBXBuildFile; fileRef = 9FF0A8762BCCF64E00E60D2F /* vase_dif.png */; };
		9FF0A9092BCCF64E00E60D2F /* vase_dif.png in Resources */ = {isa = PBXBuildFile; fileRef = 9FF0A8762BCCF64E00E60D2F /* vase_dif.png */; };
		9FF0A90A2BCCF64E00E60D2F /* vase_plant_NRM.png in Resources */ = {isa = PBXBuildFile; fileRef = 9FF0A8772BCCF64E00E60D2F /* vase_plant_NRM.png */; };
		9FF0A90B2BCCF64E00E60D2F /* vase_plant_NRM.png in Resources */ = {isa = PBXBuildFile; fileRef = 9FF0A8772BCCF64E00E60D2F /* vase_plant_NRM.png */; };
		9FF0A90C2BCCF64E00E60D2F /* lion2_bump.png in Resources */ = {isa = PBXBuildFile; fileRef = 9FF0A8782BCCF64E00E60D2F /* lion2_bump.png */; };
		9FF0A90D2BCCF64E00E60D2F /* lion2_bump.png in Resources */ = {isa = PBXBuildFile; fileRef = 9FF0A8782BCCF64E00E60D2F /* lion2_bump.png */; };
		9FF0A90E2BCCF64E00E60D2F /* vase_round_bump.png in Resources */ = {isa = PBXBuildFile; fileRef = 9FF0A8792BCCF64E00E60D2F /* vase_round_bump.png */; };
		9FF0A90F2BCCF64E00E60D2F /* vase_round_bump.png in Resources */ = {isa = PBXBuildFile; fileRef = 9FF0A8792BCCF64E00E60D2F /* vase_round_bump.png */; };
		9FF0A9102BCCF64E00E60D2F /* sponza_thorn_spec.png in Resources */ = {isa = PBXBuildFile; fileRef = 9FF0A87A2BCCF64E00E60D2F /* sponza_thorn_spec.png */; };
		9FF0A9112BCCF64E00E60D2F /* sponza_thorn_spec.png in Resources */ = {isa = PBXBuildFile; fileRef = 9FF0A87A2BCCF64E00E60D2F /* sponza_thorn_spec.png */; };
		9FF0A9122BCCF64E00E60D2F /* sponza_flagpole_diff_NRM.png in Resources */ = {isa = PBXBuildFile; fileRef = 9FF0A87B2BCCF64E00E60D2F /* sponza_flagpole_diff_NRM.png */; };
		9FF0A9132BCCF64E00E60D2F /* sponza_flagpole_diff_NRM.png in Resources */ = {isa = PBXBuildFile; fileRef = 9FF0A87B2BCCF64E00E60D2F /* sponza_flagpole_diff_NRM.png */; };
		9FF0A9152BCD065200E60D2F /* floorNormal-mipmap.png in Resources */ = {isa = PBXBuildFile; fileRef = 9FF0A9142BCD065200E60D2F /* floorNormal-mipmap.png */; };
		9FF0A9162BCD065200E60D2F /* floorNormal-mipmap.png in Resources */ = {isa = PBXBuildFile; fileRef = 9FF0A9142BCD065200E60D2F /* floorNormal-mipmap.png */; };
/* End PBXBuildFile section */

/* Begin PBXFileReference section */
		9F1326982BB27DD70000E108 /* AAEngine-Demo.app */ = {isa = PBXFileReference; explicitFileType = wrapper.application; includeInIndex = 0; path = "AAEngine-Demo.app"; sourceTree = BUILT_PRODUCTS_DIR; };
		9F13269B2BB27DD70000E108 /* AppDelegate.h */ = {isa = PBXFileReference; lastKnownFileType = sourcecode.c.h; path = AppDelegate.h; sourceTree = "<group>"; };
		9F13269C2BB27DD70000E108 /* AppDelegate.m */ = {isa = PBXFileReference; lastKnownFileType = sourcecode.c.objc; path = AppDelegate.m; sourceTree = "<group>"; };
		9F13269E2BB27DD70000E108 /* ViewController.h */ = {isa = PBXFileReference; lastKnownFileType = sourcecode.c.h; path = ViewController.h; sourceTree = "<group>"; };
		9F13269F2BB27DD70000E108 /* ViewController.m */ = {isa = PBXFileReference; lastKnownFileType = sourcecode.c.objc; path = ViewController.m; sourceTree = "<group>"; };
		9F1326A12BB27DD90000E108 /* Assets.xcassets */ = {isa = PBXFileReference; lastKnownFileType = folder.assetcatalog; path = Assets.xcassets; sourceTree = "<group>"; };
		9F1326A42BB27DD90000E108 /* Base */ = {isa = PBXFileReference; lastKnownFileType = file.storyboard; name = Base; path = Base.lproj/Main.storyboard; sourceTree = "<group>"; };
		9F1326A62BB27DD90000E108 /* main.m */ = {isa = PBXFileReference; lastKnownFileType = sourcecode.c.objc; path = main.m; sourceTree = "<group>"; };
		9F1326A82BB27DD90000E108 /* AAEngine_Demo.entitlements */ = {isa = PBXFileReference; lastKnownFileType = text.plist.entitlements; path = AAEngine_Demo.entitlements; sourceTree = "<group>"; };
		9F9032F22BBD4FD500912FDB /* AAEngine-iOS-Demo.app */ = {isa = PBXFileReference; explicitFileType = wrapper.application; includeInIndex = 0; path = "AAEngine-iOS-Demo.app"; sourceTree = BUILT_PRODUCTS_DIR; };
		9F9032F42BBD4FD500912FDB /* AppDelegate.h */ = {isa = PBXFileReference; lastKnownFileType = sourcecode.c.h; path = AppDelegate.h; sourceTree = "<group>"; };
		9F9032F52BBD4FD500912FDB /* AppDelegate.m */ = {isa = PBXFileReference; lastKnownFileType = sourcecode.c.objc; path = AppDelegate.m; sourceTree = "<group>"; };
		9F9032F72BBD4FD500912FDB /* SceneDelegate.h */ = {isa = PBXFileReference; lastKnownFileType = sourcecode.c.h; path = SceneDelegate.h; sourceTree = "<group>"; };
		9F9032F82BBD4FD500912FDB /* SceneDelegate.m */ = {isa = PBXFileReference; lastKnownFileType = sourcecode.c.objc; path = SceneDelegate.m; sourceTree = "<group>"; };
		9F9032FA2BBD4FD500912FDB /* ViewController.h */ = {isa = PBXFileReference; lastKnownFileType = sourcecode.c.h; path = ViewController.h; sourceTree = "<group>"; };
		9F9032FB2BBD4FD500912FDB /* ViewController.m */ = {isa = PBXFileReference; lastKnownFileType = sourcecode.c.objc; path = ViewController.m; sourceTree = "<group>"; };
		9F9032FE2BBD4FD500912FDB /* Base */ = {isa = PBXFileReference; lastKnownFileType = file.storyboard; name = Base; path = Base.lproj/Main.storyboard; sourceTree = "<group>"; };
		9F9033002BBD4FD700912FDB /* Assets.xcassets */ = {isa = PBXFileReference; lastKnownFileType = folder.assetcatalog; path = Assets.xcassets; sourceTree = "<group>"; };
		9F9033032BBD4FD700912FDB /* Base */ = {isa = PBXFileReference; lastKnownFileType = file.storyboard; name = Base; path = Base.lproj/LaunchScreen.storyboard; sourceTree = "<group>"; };
		9F9033052BBD4FD700912FDB /* Info.plist */ = {isa = PBXFileReference; lastKnownFileType = text.plist.xml; path = Info.plist; sourceTree = "<group>"; };
		9F9033062BBD4FD700912FDB /* main.m */ = {isa = PBXFileReference; lastKnownFileType = sourcecode.c.objc; path = main.m; sourceTree = "<group>"; };
		9F9033142BBD515E00912FDB /* plane.png */ = {isa = PBXFileReference; lastKnownFileType = image.png; path = plane.png; sourceTree = "<group>"; };
		9F9033152BBD515E00912FDB /* plane.obj */ = {isa = PBXFileReference; fileEncoding = 4; lastKnownFileType = text; path = plane.obj; sourceTree = "<group>"; };
		9F9033162BBD515E00912FDB /* plane.mtl */ = {isa = PBXFileReference; fileEncoding = 4; lastKnownFileType = text; path = plane.mtl; sourceTree = "<group>"; };
		9F90331F2BBD530E00912FDB /* AACamera.h */ = {isa = PBXFileReference; fileEncoding = 4; lastKnownFileType = sourcecode.c.h; path = AACamera.h; sourceTree = "<group>"; };
		9F9033202BBD530E00912FDB /* AAAssetManager.h */ = {isa = PBXFileReference; fileEncoding = 4; lastKnownFileType = sourcecode.c.h; path = AAAssetManager.h; sourceTree = "<group>"; };
		9F9033212BBD530E00912FDB /* AAEngine.h */ = {isa = PBXFileReference; fileEncoding = 4; lastKnownFileType = sourcecode.c.h; path = AAEngine.h; sourceTree = "<group>"; };
		9F9033222BBD530E00912FDB /* AAModel.h */ = {isa = PBXFileReference; fileEncoding = 4; lastKnownFileType = sourcecode.c.h; path = AAModel.h; sourceTree = "<group>"; };
		9F9033232BBD530E00912FDB /* AAMath.h */ = {isa = PBXFileReference; fileEncoding = 4; lastKnownFileType = sourcecode.c.h; path = AAMath.h; sourceTree = "<group>"; };
		9F9033242BBD530E00912FDB /* AAScene.h */ = {isa = PBXFileReference; fileEncoding = 4; lastKnownFileType = sourcecode.c.h; path = AAScene.h; sourceTree = "<group>"; };
		9F9033262BBD530E00912FDB /* AAModel.m */ = {isa = PBXFileReference; fileEncoding = 4; lastKnownFileType = sourcecode.c.objc; path = AAModel.m; sourceTree = "<group>"; };
		9F9033272BBD530E00912FDB /* AAScene.m */ = {isa = PBXFileReference; fileEncoding = 4; lastKnownFileType = sourcecode.c.objc; path = AAScene.m; sourceTree = "<group>"; };
		9F9033292BBD530E00912FDB /* AAMath.m */ = {isa = PBXFileReference; fileEncoding = 4; lastKnownFileType = sourcecode.c.objc; path = AAMath.m; sourceTree = "<group>"; };
		9F90332B2BBD530E00912FDB /* Basic.metal */ = {isa = PBXFileReference; fileEncoding = 4; lastKnownFileType = sourcecode.metal; path = Basic.metal; sourceTree = "<group>"; };
		9F90332C2BBD530E00912FDB /* AACamera.m */ = {isa = PBXFileReference; fileEncoding = 4; lastKnownFileType = sourcecode.c.objc; path = AACamera.m; sourceTree = "<group>"; };
		9F90332D2BBD530E00912FDB /* AAAssetManager.m */ = {isa = PBXFileReference; fileEncoding = 4; lastKnownFileType = sourcecode.c.objc; path = AAAssetManager.m; sourceTree = "<group>"; };
		9F90332E2BBD530E00912FDB /* AAEngine.m */ = {isa = PBXFileReference; fileEncoding = 4; lastKnownFileType = sourcecode.c.objc; path = AAEngine.m; sourceTree = "<group>"; };
		9F90336B2BBFF88C00912FDB /* house.obj */ = {isa = PBXFileReference; fileEncoding = 4; lastKnownFileType = text; path = house.obj; sourceTree = "<group>"; };
		9F90336D2BBFF88C00912FDB /* house.mtl */ = {isa = PBXFileReference; fileEncoding = 4; lastKnownFileType = text; path = house.mtl; sourceTree = "<group>"; };
		9FF0A5952BC910F900E60D2F /* AALight.h */ = {isa = PBXFileReference; lastKnownFileType = sourcecode.c.h; path = AALight.h; sourceTree = "<group>"; };
		9FF0A5C52BCBF6F900E60D2F /* sponza.mtl */ = {isa = PBXFileReference; lastKnownFileType = text; path = sponza.mtl; sourceTree = "<group>"; };
		9FF0A5C72BCBF6F900E60D2F /* sponza.obj */ = {isa = PBXFileReference; lastKnownFileType = text; path = sponza.obj; sourceTree = "<group>"; };
		9FF0A8302BCCF64B00E60D2F /* sponza_ceiling_a_diff.png */ = {isa = PBXFileReference; lastKnownFileType = image.png; path = sponza_ceiling_a_diff.png; sourceTree = "<group>"; };
		9FF0A8312BCCF64B00E60D2F /* vase_round.png */ = {isa = PBXFileReference; lastKnownFileType = image.png; path = vase_round.png; sourceTree = "<group>"; };
		9FF0A8322BCCF64B00E60D2F /* sponza_column_c_bump.png */ = {isa = PBXFileReference; lastKnownFileType = image.png; path = sponza_column_c_bump.png; sourceTree = "<group>"; };
		9FF0A8332BCCF64C00E60D2F /* lion_bump.png */ = {isa = PBXFileReference; lastKnownFileType = image.png; path = lion_bump.png; sourceTree = "<group>"; };
		9FF0A8342BCCF64C00E60D2F /* lion.png */ = {isa = PBXFileReference; lastKnownFileType = image.png; path = lion.png; sourceTree = "<group>"; };
		9FF0A8352BCCF64C00E60D2F /* sponza_fabric_diff.png */ = {isa = PBXFileReference; lastKnownFileType = image.png; path = sponza_fabric_diff.png; sourceTree = "<group>"; };
		9FF0A8362BCCF64C00E60D2F /* chain_texture_ddn.png */ = {isa = PBXFileReference; lastKnownFileType = image.png; path = chain_texture_ddn.png; sourceTree = "<group>"; };
		9FF0A8372BCCF64C00E60D2F /* sponza_ceiling_a_diff_NRM.png */ = {isa = PBXFileReference; lastKnownFileType = image.png; path = sponza_ceiling_a_diff_NRM.png; sourceTree = "<group>"; };
		9FF0A8382BCCF64C00E60D2F /* spnza_bricks_a_spec.png */ = {isa = PBXFileReference; lastKnownFileType = image.png; path = spnza_bricks_a_spec.png; sourceTree = "<group>"; };
		9FF0A8392BCCF64C00E60D2F /* sponza_floor_a_diff.png */ = {isa = PBXFileReference; lastKnownFileType = image.png; path = sponza_floor_a_diff.png; sourceTree = "<group>"; };
		9FF0A83A2BCCF64C00E60D2F /* background_ddn.png */ = {isa = PBXFileReference; lastKnownFileType = image.png; path = background_ddn.png; sourceTree = "<group>"; };
		9FF0A83B2BCCF64C00E60D2F /* sponza_arch_spec.png */ = {isa = PBXFileReference; lastKnownFileType = image.png; path = sponza_arch_spec.png; sourceTree = "<group>"; };
		9FF0A83C2BCCF64C00E60D2F /* sponza_column_a_diff.png */ = {isa = PBXFileReference; lastKnownFileType = image.png; path = sponza_column_a_diff.png; sourceTree = "<group>"; };
		9FF0A83D2BCCF64C00E60D2F /* sponza_details_diff_NRM.png */ = {isa = PBXFileReference; lastKnownFileType = image.png; path = sponza_details_diff_NRM.png; sourceTree = "<group>"; };
		9FF0A83E2BCCF64C00E60D2F /* sponza_floor_a_spec.png */ = {isa = PBXFileReference; lastKnownFileType = image.png; path = sponza_floor_a_spec.png; sourceTree = "<group>"; };
		9FF0A83F2BCCF64C00E60D2F /* sponza_roof_diff.png */ = {isa = PBXFileReference; lastKnownFileType = image.png; path = sponza_roof_diff.png; sourceTree = "<group>"; };
		9FF0A8402BCCF64C00E60D2F /* vase_plant.png */ = {isa = PBXFileReference; lastKnownFileType = image.png; path = vase_plant.png; sourceTree = "<group>"; };
		9FF0A8412BCCF64C00E60D2F /* vase_ddn.png */ = {isa = PBXFileReference; lastKnownFileType = image.png; path = vase_ddn.png; sourceTree = "<group>"; };
		9FF0A8422BCCF64C00E60D2F /* vase_plant_spec.png */ = {isa = PBXFileReference; lastKnownFileType = image.png; path = vase_plant_spec.png; sourceTree = "<group>"; };
		9FF0A8432BCCF64C00E60D2F /* sponza_column_b_spec.png */ = {isa = PBXFileReference; lastKnownFileType = image.png; path = sponza_column_b_spec.png; sourceTree = "<group>"; };
		9FF0A8442BCCF64C00E60D2F /* sponza_details_diff.png */ = {isa = PBXFileReference; lastKnownFileType = image.png; path = sponza_details_diff.png; sourceTree = "<group>"; };
		9FF0A8452BCCF64C00E60D2F /* sponza_curtain_blue_diff_NRM.png */ = {isa = PBXFileReference; lastKnownFileType = image.png; path = sponza_curtain_blue_diff_NRM.png; sourceTree = "<group>"; };
		9FF0A8462BCCF64C00E60D2F /* vase_hanging.png */ = {isa = PBXFileReference; lastKnownFileType = image.png; path = vase_hanging.png; sourceTree = "<group>"; };
		9FF0A8472BCCF64C00E60D2F /* vase_round_ddn.png */ = {isa = PBXFileReference; lastKnownFileType = image.png; path = vase_round_ddn.png; sourceTree = "<group>"; };
		9FF0A8482BCCF64C00E60D2F /* sponza_curtain_blue_diff.png */ = {isa = PBXFileReference; lastKnownFileType = image.png; path = sponza_curtain_blue_diff.png; sourceTree = "<group>"; };
		9FF0A8492BCCF64C00E60D2F /* sponza_column_c_spec.png */ = {isa = PBXFileReference; lastKnownFileType = image.png; path = sponza_column_c_spec.png; sourceTree = "<group>"; };
		9FF0A84A2BCCF64C00E60D2F /* background_bump.png */ = {isa = PBXFileReference; lastKnownFileType = image.png; path = background_bump.png; sourceTree = "<group>"; };
		9FF0A84B2BCCF64C00E60D2F /* vase_round_spec.png */ = {isa = PBXFileReference; lastKnownFileType = image.png; path = vase_round_spec.png; sourceTree = "<group>"; };
		9FF0A84C2BCCF64C00E60D2F /* backgroundBGR.png */ = {isa = PBXFileReference; lastKnownFileType = image.png; path = backgroundBGR.png; sourceTree = "<group>"; };
		9FF0A84D2BCCF64C00E60D2F /* chain_texture_mask.png */ = {isa = PBXFileReference; lastKnownFileType = image.png; path = chain_texture_mask.png; sourceTree = "<group>"; };
		9FF0A84E2BCCF64C00E60D2F /* sponza_column_a_ddn.png */ = {isa = PBXFileReference; lastKnownFileType = image.png; path = sponza_column_a_ddn.png; sourceTree = "<group>"; };
		9FF0A84F2BCCF64C00E60D2F /* sponza_fabric_spec.png */ = {isa = PBXFileReference; lastKnownFileType = image.png; path = sponza_fabric_spec.png; sourceTree = "<group>"; };
		9FF0A8502BCCF64C00E60D2F /* sponza_roof_diff_NRM.png */ = {isa = PBXFileReference; lastKnownFileType = image.png; path = sponza_roof_diff_NRM.png; sourceTree = "<group>"; };
		9FF0A8512BCCF64D00E60D2F /* sponza_column_b_bump.png */ = {isa = PBXFileReference; lastKnownFileType = image.png; path = sponza_column_b_bump.png; sourceTree = "<group>"; };
		9FF0A8522BCCF64D00E60D2F /* sponza_column_a_bump.png */ = {isa = PBXFileReference; lastKnownFileType = image.png; path = sponza_column_a_bump.png; sourceTree = "<group>"; };
		9FF0A8532BCCF64D00E60D2F /* background.png */ = {isa = PBXFileReference; lastKnownFileType = image.png; path = background.png; sourceTree = "<group>"; };
		9FF0A8542BCCF64D00E60D2F /* sponza_column_b_diff.png */ = {isa = PBXFileReference; lastKnownFileType = image.png; path = sponza_column_b_diff.png; sourceTree = "<group>"; };
		9FF0A8552BCCF64D00E60D2F /* vase_bump.png */ = {isa = PBXFileReference; lastKnownFileType = image.png; path = vase_bump.png; sourceTree = "<group>"; };
		9FF0A8562BCCF64D00E60D2F /* sponza_floor_a_diff_NRM.png */ = {isa = PBXFileReference; lastKnownFileType = image.png; path = sponza_floor_a_diff_NRM.png; sourceTree = "<group>"; };
		9FF0A8572BCCF64D00E60D2F /* sponza_thorn_bump.png */ = {isa = PBXFileReference; lastKnownFileType = image.png; path = sponza_thorn_bump.png; sourceTree = "<group>"; };
		9FF0A8582BCCF64D00E60D2F /* sponza_details_spec.png */ = {isa = PBXFileReference; lastKnownFileType = image.png; path = sponza_details_spec.png; sourceTree = "<group>"; };
		9FF0A8592BCCF64D00E60D2F /* sponza_thorn_mask.png */ = {isa = PBXFileReference; lastKnownFileType = image.png; path = sponza_thorn_mask.png; sourceTree = "<group>"; };
		9FF0A85A2BCCF64D00E60D2F /* vase_plant_mask.png */ = {isa = PBXFileReference; lastKnownFileType = image.png; path = vase_plant_mask.png; sourceTree = "<group>"; };
		9FF0A85B2BCCF64D00E60D2F /* chain_texture.png */ = {isa = PBXFileReference; lastKnownFileType = image.png; path = chain_texture.png; sourceTree = "<group>"; };
		9FF0A85C2BCCF64D00E60D2F /* sponza_arch_bump.png */ = {isa = PBXFileReference; lastKnownFileType = image.png; path = sponza_arch_bump.png; sourceTree = "<group>"; };
		9FF0A85D2BCCF64D00E60D2F /* sponza_arch_ddn.png */ = {isa = PBXFileReference; lastKnownFileType = image.png; path = sponza_arch_ddn.png; sourceTree = "<group>"; };
		9FF0A85E2BCCF64D00E60D2F /* sponza_fabric_green_diff.png */ = {isa = PBXFileReference; lastKnownFileType = image.png; path = sponza_fabric_green_diff.png; sourceTree = "<group>"; };
		9FF0A85F2BCCF64D00E60D2F /* sponza_column_a_spec.png */ = {isa = PBXFileReference; lastKnownFileType = image.png; path = sponza_column_a_spec.png; sourceTree = "<group>"; };
		9FF0A8602BCCF64D00E60D2F /* sponza_fabric_blue_diff.png */ = {isa = PBXFileReference; lastKnownFileType = image.png; path = sponza_fabric_blue_diff.png; sourceTree = "<group>"; };
		9FF0A8612BCCF64D00E60D2F /* sponza_flagpole_spec.png */ = {isa = PBXFileReference; lastKnownFileType = image.png; path = sponza_flagpole_spec.png; sourceTree = "<group>"; };
		9FF0A8622BCCF64D00E60D2F /* spnza_bricks_a_bump.png */ = {isa = PBXFileReference; lastKnownFileType = image.png; path = spnza_bricks_a_bump.png; sourceTree = "<group>"; };
		9FF0A8632BCCF64D00E60D2F /* spnza_bricks_a_ddn.png */ = {isa = PBXFileReference; lastKnownFileType = image.png; path = spnza_bricks_a_ddn.png; sourceTree = "<group>"; };
		9FF0A8642BCCF64D00E60D2F /* spnza_bricks_a_diff.png */ = {isa = PBXFileReference; lastKnownFileType = image.png; path = spnza_bricks_a_diff.png; sourceTree = "<group>"; };
		9FF0A8652BCCF64D00E60D2F /* sponza_column_c_ddn.png */ = {isa = PBXFileReference; lastKnownFileType = image.png; path = sponza_column_c_ddn.png; sourceTree = "<group>"; };
		9FF0A8662BCCF64D00E60D2F /* gi_flag.png */ = {isa = PBXFileReference; lastKnownFileType = image.png; path = gi_flag.png; sourceTree = "<group>"; };
		9FF0A8672BCCF64D00E60D2F /* sponza_thorn_ddn.png */ = {isa = PBXFileReference; lastKnownFileType = image.png; path = sponza_thorn_ddn.png; sourceTree = "<group>"; };
		9FF0A8682BCCF64D00E60D2F /* sponza_fabric_blue_diff_NRM.png */ = {isa = PBXFileReference; lastKnownFileType = image.png; path = sponza_fabric_blue_diff_NRM.png; sourceTree = "<group>"; };
		9FF0A8692BCCF64D00E60D2F /* sponza_ceiling_a_spec.png */ = {isa = PBXFileReference; lastKnownFileType = image.png; path = sponza_ceiling_a_spec.png; sourceTree = "<group>"; };
		9FF0A86A2BCCF64D00E60D2F /* sponza_curtain_diff.png */ = {isa = PBXFileReference; lastKnownFileType = image.png; path = sponza_curtain_diff.png; sourceTree = "<group>"; };
		9FF0A86B2BCCF64D00E60D2F /* chain_texture_bump.png */ = {isa = PBXFileReference; lastKnownFileType = image.png; path = chain_texture_bump.png; sourceTree = "<group>"; };
		9FF0A86C2BCCF64D00E60D2F /* sponza_flagpole_diff.png */ = {isa = PBXFileReference; lastKnownFileType = image.png; path = sponza_flagpole_diff.png; sourceTree = "<group>"; };
		9FF0A86D2BCCF64D00E60D2F /* vase_hanging_NRM.png */ = {isa = PBXFileReference; lastKnownFileType = image.png; path = vase_hanging_NRM.png; sourceTree = "<group>"; };
		9FF0A86E2BCCF64D00E60D2F /* sponza_arch_diff.png */ = {isa = PBXFileReference; lastKnownFileType = image.png; path = sponza_arch_diff.png; sourceTree = "<group>"; };
		9FF0A86F2BCCF64D00E60D2F /* lion_ddn.png */ = {isa = PBXFileReference; lastKnownFileType = image.png; path = lion_ddn.png; sourceTree = "<group>"; };
		9FF0A8702BCCF64D00E60D2F /* sponza_curtain_green_diff.png */ = {isa = PBXFileReference; lastKnownFileType = image.png; path = sponza_curtain_green_diff.png; sourceTree = "<group>"; };
		9FF0A8712BCCF64D00E60D2F /* sponza_column_c_diff.png */ = {isa = PBXFileReference; lastKnownFileType = image.png; path = sponza_column_c_diff.png; sourceTree = "<group>"; };
		9FF0A8722BCCF64D00E60D2F /* lion2_ddn.png */ = {isa = PBXFileReference; lastKnownFileType = image.png; path = lion2_ddn.png; sourceTree = "<group>"; };
		9FF0A8732BCCF64E00E60D2F /* sponza_arch_diff_NRM.png */ = {isa = PBXFileReference; lastKnownFileType = image.png; path = sponza_arch_diff_NRM.png; sourceTree = "<group>"; };
		9FF0A8742BCCF64E00E60D2F /* sponza_thorn_diff.png */ = {isa = PBXFileReference; lastKnownFileType = image.png; path = sponza_thorn_diff.png; sourceTree = "<group>"; };
		9FF0A8752BCCF64E00E60D2F /* sponza_column_b_ddn.png */ = {isa = PBXFileReference; lastKnownFileType = image.png; path = sponza_column_b_ddn.png; sourceTree = "<group>"; };
		9FF0A8762BCCF64E00E60D2F /* vase_dif.png */ = {isa = PBXFileReference; lastKnownFileType = image.png; path = vase_dif.png; sourceTree = "<group>"; };
		9FF0A8772BCCF64E00E60D2F /* vase_plant_NRM.png */ = {isa = PBXFileReference; lastKnownFileType = image.png; path = vase_plant_NRM.png; sourceTree = "<group>"; };
		9FF0A8782BCCF64E00E60D2F /* lion2_bump.png */ = {isa = PBXFileReference; lastKnownFileType = image.png; path = lion2_bump.png; sourceTree = "<group>"; };
		9FF0A8792BCCF64E00E60D2F /* vase_round_bump.png */ = {isa = PBXFileReference; lastKnownFileType = image.png; path = vase_round_bump.png; sourceTree = "<group>"; };
		9FF0A87A2BCCF64E00E60D2F /* sponza_thorn_spec.png */ = {isa = PBXFileReference; lastKnownFileType = image.png; path = sponza_thorn_spec.png; sourceTree = "<group>"; };
		9FF0A87B2BCCF64E00E60D2F /* sponza_flagpole_diff_NRM.png */ = {isa = PBXFileReference; lastKnownFileType = image.png; path = sponza_flagpole_diff_NRM.png; sourceTree = "<group>"; };
		9FF0A9142BCD065200E60D2F /* floorNormal-mipmap.png */ = {isa = PBXFileReference; lastKnownFileType = image.png; path = "floorNormal-mipmap.png"; sourceTree = "<group>"; };
		9FF0A9212BCD2A2800E60D2F /* AAVertex.h */ = {isa = PBXFileReference; lastKnownFileType = sourcecode.c.h; path = AAVertex.h; sourceTree = "<group>"; };
		9FF0A9222BCD2A8000E60D2F /* AACommon.h */ = {isa = PBXFileReference; lastKnownFileType = sourcecode.c.h; path = AACommon.h; sourceTree = "<group>"; };
/* End PBXFileReference section */

/* Begin PBXFrameworksBuildPhase section */
		9F1326952BB27DD70000E108 /* Frameworks */ = {
			isa = PBXFrameworksBuildPhase;
			buildActionMask = 2147483647;
			files = (
			);
			runOnlyForDeploymentPostprocessing = 0;
		};
		9F9032EF2BBD4FD500912FDB /* Frameworks */ = {
			isa = PBXFrameworksBuildPhase;
			buildActionMask = 2147483647;
			files = (
			);
			runOnlyForDeploymentPostprocessing = 0;
		};
/* End PBXFrameworksBuildPhase section */

/* Begin PBXGroup section */
		9F13268F2BB27DD70000E108 = {
			isa = PBXGroup;
			children = (
				9F90331D2BBD530E00912FDB /* Source */,
				9F9033122BBD515E00912FDB /* Resources */,
				9F13269A2BB27DD70000E108 /* AAEngine-Demo */,
				9F9032F32BBD4FD500912FDB /* AAEngine-iOS-Demo */,
				9F1326992BB27DD70000E108 /* Products */,
			);
			sourceTree = "<group>";
		};
		9F1326992BB27DD70000E108 /* Products */ = {
			isa = PBXGroup;
			children = (
				9F1326982BB27DD70000E108 /* AAEngine-Demo.app */,
				9F9032F22BBD4FD500912FDB /* AAEngine-iOS-Demo.app */,
			);
			name = Products;
			sourceTree = "<group>";
		};
		9F13269A2BB27DD70000E108 /* AAEngine-Demo */ = {
			isa = PBXGroup;
			children = (
				9F13269B2BB27DD70000E108 /* AppDelegate.h */,
				9F13269C2BB27DD70000E108 /* AppDelegate.m */,
				9F13269E2BB27DD70000E108 /* ViewController.h */,
				9F13269F2BB27DD70000E108 /* ViewController.m */,
				9F1326A12BB27DD90000E108 /* Assets.xcassets */,
				9F1326A32BB27DD90000E108 /* Main.storyboard */,
				9F1326A62BB27DD90000E108 /* main.m */,
				9F1326A82BB27DD90000E108 /* AAEngine_Demo.entitlements */,
			);
			path = "AAEngine-Demo";
			sourceTree = "<group>";
		};
		9F9032F32BBD4FD500912FDB /* AAEngine-iOS-Demo */ = {
			isa = PBXGroup;
			children = (
				9F9032F42BBD4FD500912FDB /* AppDelegate.h */,
				9F9032F52BBD4FD500912FDB /* AppDelegate.m */,
				9F9032F72BBD4FD500912FDB /* SceneDelegate.h */,
				9F9032F82BBD4FD500912FDB /* SceneDelegate.m */,
				9F9032FA2BBD4FD500912FDB /* ViewController.h */,
				9F9032FB2BBD4FD500912FDB /* ViewController.m */,
				9F9032FD2BBD4FD500912FDB /* Main.storyboard */,
				9F9033002BBD4FD700912FDB /* Assets.xcassets */,
				9F9033022BBD4FD700912FDB /* LaunchScreen.storyboard */,
				9F9033052BBD4FD700912FDB /* Info.plist */,
				9F9033062BBD4FD700912FDB /* main.m */,
			);
			path = "AAEngine-iOS-Demo";
			sourceTree = "<group>";
		};
		9F9033122BBD515E00912FDB /* Resources */ = {
			isa = PBXGroup;
			children = (
				9FF0A5962BCBF6F900E60D2F /* sponza */,
				9F90336A2BBFF88C00912FDB /* house */,
				9F9033132BBD515E00912FDB /* plane */,
			);
			path = Resources;
			sourceTree = "<group>";
		};
		9F9033132BBD515E00912FDB /* plane */ = {
			isa = PBXGroup;
			children = (
				9F9033142BBD515E00912FDB /* plane.png */,
				9F9033152BBD515E00912FDB /* plane.obj */,
				9F9033162BBD515E00912FDB /* plane.mtl */,
			);
			path = plane;
			sourceTree = "<group>";
		};
		9F90331D2BBD530E00912FDB /* Source */ = {
			isa = PBXGroup;
			children = (
				9F90331E2BBD530E00912FDB /* AAEngine */,
				9F9033252BBD530E00912FDB /* private */,
			);
			name = Source;
			path = ../Source;
			sourceTree = "<group>";
		};
		9F90331E2BBD530E00912FDB /* AAEngine */ = {
			isa = PBXGroup;
			children = (
				9FF0A9212BCD2A2800E60D2F /* AAVertex.h */,
				9FF0A9222BCD2A8000E60D2F /* AACommon.h */,
				9F90331F2BBD530E00912FDB /* AACamera.h */,
				9F9033202BBD530E00912FDB /* AAAssetManager.h */,
				9F9033212BBD530E00912FDB /* AAEngine.h */,
				9F9033222BBD530E00912FDB /* AAModel.h */,
				9F9033232BBD530E00912FDB /* AAMath.h */,
				9F9033242BBD530E00912FDB /* AAScene.h */,
				9FF0A5952BC910F900E60D2F /* AALight.h */,
			);
			path = AAEngine;
			sourceTree = "<group>";
		};
		9F9033252BBD530E00912FDB /* private */ = {
			isa = PBXGroup;
			children = (
				9F9033262BBD530E00912FDB /* AAModel.m */,
				9F9033272BBD530E00912FDB /* AAScene.m */,
				9F9033282BBD530E00912FDB /* Math */,
				9F90332A2BBD530E00912FDB /* Shaders */,
				9F90332C2BBD530E00912FDB /* AACamera.m */,
				9F90332D2BBD530E00912FDB /* AAAssetManager.m */,
				9F90332E2BBD530E00912FDB /* AAEngine.m */,
			);
			path = private;
			sourceTree = "<group>";
		};
		9F9033282BBD530E00912FDB /* Math */ = {
			isa = PBXGroup;
			children = (
				9F9033292BBD530E00912FDB /* AAMath.m */,
			);
			path = Math;
			sourceTree = "<group>";
		};
		9F90332A2BBD530E00912FDB /* Shaders */ = {
			isa = PBXGroup;
			children = (
				9F90332B2BBD530E00912FDB /* Basic.metal */,
			);
			path = Shaders;
			sourceTree = "<group>";
		};
		9F90336A2BBFF88C00912FDB /* house */ = {
			isa = PBXGroup;
			children = (
				9FF0A9142BCD065200E60D2F /* floorNormal-mipmap.png */,
				9F90336B2BBFF88C00912FDB /* house.obj */,
				9F90336D2BBFF88C00912FDB /* house.mtl */,
			);
			path = house;
			sourceTree = "<group>";
		};
		9FF0A5962BCBF6F900E60D2F /* sponza */ = {
			isa = PBXGroup;
			children = (
				9FF0A84A2BCCF64C00E60D2F /* background_bump.png */,
				9FF0A83A2BCCF64C00E60D2F /* background_ddn.png */,
				9FF0A8532BCCF64D00E60D2F /* background.png */,
				9FF0A84C2BCCF64C00E60D2F /* backgroundBGR.png */,
				9FF0A86B2BCCF64D00E60D2F /* chain_texture_bump.png */,
				9FF0A8362BCCF64C00E60D2F /* chain_texture_ddn.png */,
				9FF0A84D2BCCF64C00E60D2F /* chain_texture_mask.png */,
				9FF0A85B2BCCF64D00E60D2F /* chain_texture.png */,
				9FF0A8662BCCF64D00E60D2F /* gi_flag.png */,
				9FF0A8332BCCF64C00E60D2F /* lion_bump.png */,
				9FF0A86F2BCCF64D00E60D2F /* lion_ddn.png */,
				9FF0A8342BCCF64C00E60D2F /* lion.png */,
				9FF0A8782BCCF64E00E60D2F /* lion2_bump.png */,
				9FF0A8722BCCF64D00E60D2F /* lion2_ddn.png */,
				9FF0A8622BCCF64D00E60D2F /* spnza_bricks_a_bump.png */,
				9FF0A8632BCCF64D00E60D2F /* spnza_bricks_a_ddn.png */,
				9FF0A8642BCCF64D00E60D2F /* spnza_bricks_a_diff.png */,
				9FF0A8382BCCF64C00E60D2F /* spnza_bricks_a_spec.png */,
				9FF0A85C2BCCF64D00E60D2F /* sponza_arch_bump.png */,
				9FF0A85D2BCCF64D00E60D2F /* sponza_arch_ddn.png */,
				9FF0A8732BCCF64E00E60D2F /* sponza_arch_diff_NRM.png */,
				9FF0A86E2BCCF64D00E60D2F /* sponza_arch_diff.png */,
				9FF0A83B2BCCF64C00E60D2F /* sponza_arch_spec.png */,
				9FF0A8372BCCF64C00E60D2F /* sponza_ceiling_a_diff_NRM.png */,
				9FF0A8302BCCF64B00E60D2F /* sponza_ceiling_a_diff.png */,
				9FF0A8692BCCF64D00E60D2F /* sponza_ceiling_a_spec.png */,
				9FF0A8522BCCF64D00E60D2F /* sponza_column_a_bump.png */,
				9FF0A84E2BCCF64C00E60D2F /* sponza_column_a_ddn.png */,
				9FF0A83C2BCCF64C00E60D2F /* sponza_column_a_diff.png */,
				9FF0A85F2BCCF64D00E60D2F /* sponza_column_a_spec.png */,
				9FF0A8512BCCF64D00E60D2F /* sponza_column_b_bump.png */,
				9FF0A8752BCCF64E00E60D2F /* sponza_column_b_ddn.png */,
				9FF0A8542BCCF64D00E60D2F /* sponza_column_b_diff.png */,
				9FF0A8432BCCF64C00E60D2F /* sponza_column_b_spec.png */,
				9FF0A8322BCCF64B00E60D2F /* sponza_column_c_bump.png */,
				9FF0A8652BCCF64D00E60D2F /* sponza_column_c_ddn.png */,
				9FF0A8712BCCF64D00E60D2F /* sponza_column_c_diff.png */,
				9FF0A8492BCCF64C00E60D2F /* sponza_column_c_spec.png */,
				9FF0A8452BCCF64C00E60D2F /* sponza_curtain_blue_diff_NRM.png */,
				9FF0A8482BCCF64C00E60D2F /* sponza_curtain_blue_diff.png */,
				9FF0A86A2BCCF64D00E60D2F /* sponza_curtain_diff.png */,
				9FF0A8702BCCF64D00E60D2F /* sponza_curtain_green_diff.png */,
				9FF0A83D2BCCF64C00E60D2F /* sponza_details_diff_NRM.png */,
				9FF0A8442BCCF64C00E60D2F /* sponza_details_diff.png */,
				9FF0A8582BCCF64D00E60D2F /* sponza_details_spec.png */,
				9FF0A8682BCCF64D00E60D2F /* sponza_fabric_blue_diff_NRM.png */,
				9FF0A8602BCCF64D00E60D2F /* sponza_fabric_blue_diff.png */,
				9FF0A8352BCCF64C00E60D2F /* sponza_fabric_diff.png */,
				9FF0A85E2BCCF64D00E60D2F /* sponza_fabric_green_diff.png */,
				9FF0A84F2BCCF64C00E60D2F /* sponza_fabric_spec.png */,
				9FF0A87B2BCCF64E00E60D2F /* sponza_flagpole_diff_NRM.png */,
				9FF0A86C2BCCF64D00E60D2F /* sponza_flagpole_diff.png */,
				9FF0A8612BCCF64D00E60D2F /* sponza_flagpole_spec.png */,
				9FF0A8562BCCF64D00E60D2F /* sponza_floor_a_diff_NRM.png */,
				9FF0A8392BCCF64C00E60D2F /* sponza_floor_a_diff.png */,
				9FF0A83E2BCCF64C00E60D2F /* sponza_floor_a_spec.png */,
				9FF0A8502BCCF64C00E60D2F /* sponza_roof_diff_NRM.png */,
				9FF0A83F2BCCF64C00E60D2F /* sponza_roof_diff.png */,
				9FF0A8572BCCF64D00E60D2F /* sponza_thorn_bump.png */,
				9FF0A8672BCCF64D00E60D2F /* sponza_thorn_ddn.png */,
				9FF0A8742BCCF64E00E60D2F /* sponza_thorn_diff.png */,
				9FF0A8592BCCF64D00E60D2F /* sponza_thorn_mask.png */,
				9FF0A87A2BCCF64E00E60D2F /* sponza_thorn_spec.png */,
				9FF0A8552BCCF64D00E60D2F /* vase_bump.png */,
				9FF0A8412BCCF64C00E60D2F /* vase_ddn.png */,
				9FF0A8762BCCF64E00E60D2F /* vase_dif.png */,
				9FF0A86D2BCCF64D00E60D2F /* vase_hanging_NRM.png */,
				9FF0A8462BCCF64C00E60D2F /* vase_hanging.png */,
				9FF0A85A2BCCF64D00E60D2F /* vase_plant_mask.png */,
				9FF0A8772BCCF64E00E60D2F /* vase_plant_NRM.png */,
				9FF0A8422BCCF64C00E60D2F /* vase_plant_spec.png */,
				9FF0A8402BCCF64C00E60D2F /* vase_plant.png */,
				9FF0A8792BCCF64E00E60D2F /* vase_round_bump.png */,
				9FF0A8472BCCF64C00E60D2F /* vase_round_ddn.png */,
				9FF0A84B2BCCF64C00E60D2F /* vase_round_spec.png */,
				9FF0A8312BCCF64B00E60D2F /* vase_round.png */,
				9FF0A5C52BCBF6F900E60D2F /* sponza.mtl */,
				9FF0A5C72BCBF6F900E60D2F /* sponza.obj */,
			);
			path = sponza;
			sourceTree = "<group>";
		};
/* End PBXGroup section */

/* Begin PBXNativeTarget section */
		9F1326972BB27DD70000E108 /* AAEngine-Demo */ = {
			isa = PBXNativeTarget;
			buildConfigurationList = 9F1326AB2BB27DD90000E108 /* Build configuration list for PBXNativeTarget "AAEngine-Demo" */;
			buildPhases = (
				9F1326942BB27DD70000E108 /* Sources */,
				9F1326952BB27DD70000E108 /* Frameworks */,
				9F1326962BB27DD70000E108 /* Resources */,
			);
			buildRules = (
			);
			dependencies = (
			);
			name = "AAEngine-Demo";
			productName = "AAEngine-Demo";
			productReference = 9F1326982BB27DD70000E108 /* AAEngine-Demo.app */;
			productType = "com.apple.product-type.application";
		};
		9F9032F12BBD4FD500912FDB /* AAEngine-iOS-Demo */ = {
			isa = PBXNativeTarget;
			buildConfigurationList = 9F90330A2BBD4FD700912FDB /* Build configuration list for PBXNativeTarget "AAEngine-iOS-Demo" */;
			buildPhases = (
				9F9032EE2BBD4FD500912FDB /* Sources */,
				9F9032EF2BBD4FD500912FDB /* Frameworks */,
				9F9032F02BBD4FD500912FDB /* Resources */,
			);
			buildRules = (
			);
			dependencies = (
			);
			name = "AAEngine-iOS-Demo";
			productName = "AAEngine-iOS-Demo";
			productReference = 9F9032F22BBD4FD500912FDB /* AAEngine-iOS-Demo.app */;
			productType = "com.apple.product-type.application";
		};
/* End PBXNativeTarget section */

/* Begin PBXProject section */
		9F1326902BB27DD70000E108 /* Project object */ = {
			isa = PBXProject;
			attributes = {
				BuildIndependentTargetsInParallel = 1;
				LastUpgradeCheck = 1510;
				TargetAttributes = {
					9F1326972BB27DD70000E108 = {
						CreatedOnToolsVersion = 15.1;
					};
					9F9032F12BBD4FD500912FDB = {
						CreatedOnToolsVersion = 15.1;
					};
				};
			};
			buildConfigurationList = 9F1326932BB27DD70000E108 /* Build configuration list for PBXProject "AAEngine-Demo" */;
			compatibilityVersion = "Xcode 14.0";
			developmentRegion = en;
			hasScannedForEncodings = 0;
			knownRegions = (
				en,
				Base,
			);
			mainGroup = 9F13268F2BB27DD70000E108;
			productRefGroup = 9F1326992BB27DD70000E108 /* Products */;
			projectDirPath = "";
			projectRoot = "";
			targets = (
				9F1326972BB27DD70000E108 /* AAEngine-Demo */,
				9F9032F12BBD4FD500912FDB /* AAEngine-iOS-Demo */,
			);
		};
/* End PBXProject section */

/* Begin PBXResourcesBuildPhase section */
		9F1326962BB27DD70000E108 /* Resources */ = {
			isa = PBXResourcesBuildPhase;
			buildActionMask = 2147483647;
			files = (
				9FF0A87C2BCCF64E00E60D2F /* sponza_ceiling_a_diff.png in Resources */,
				9FF0A8EA2BCCF64E00E60D2F /* sponza_thorn_ddn.png in Resources */,
				9FF0A8DE2BCCF64E00E60D2F /* sponza_flagpole_spec.png in Resources */,
				9FF0A8982BCCF64E00E60D2F /* sponza_floor_a_spec.png in Resources */,
				9F9033722BBFF88C00912FDB /* house.mtl in Resources */,
				9FF0A9122BCCF64E00E60D2F /* sponza_flagpole_diff_NRM.png in Resources */,
				9FF0A8DC2BCCF64E00E60D2F /* sponza_fabric_blue_diff.png in Resources */,
				9FF0A8D22BCCF64E00E60D2F /* chain_texture.png in Resources */,
				9FF0A8FC2BCCF64E00E60D2F /* sponza_curtain_green_diff.png in Resources */,
				9FF0A8B42BCCF64E00E60D2F /* backgroundBGR.png in Resources */,
				9FF0A88E2BCCF64E00E60D2F /* sponza_floor_a_diff.png in Resources */,
				9FF0A8862BCCF64E00E60D2F /* sponza_fabric_diff.png in Resources */,
				9FF0A9102BCCF64E00E60D2F /* sponza_thorn_spec.png in Resources */,
				9FF0A8C42BCCF64E00E60D2F /* sponza_column_b_diff.png in Resources */,
				9FF0A8BC2BCCF64E00E60D2F /* sponza_roof_diff_NRM.png in Resources */,
				9FF0A8D82BCCF64E00E60D2F /* sponza_fabric_green_diff.png in Resources */,
				9FF0A8F62BCCF64E00E60D2F /* vase_hanging_NRM.png in Resources */,
				9FF0A8902BCCF64E00E60D2F /* background_ddn.png in Resources */,
				9FF0A8E02BCCF64E00E60D2F /* spnza_bricks_a_bump.png in Resources */,
				9FF0A8E42BCCF64E00E60D2F /* spnza_bricks_a_diff.png in Resources */,
				9FF0A8A22BCCF64E00E60D2F /* sponza_column_b_spec.png in Resources */,
				9FF0A8A02BCCF64E00E60D2F /* vase_plant_spec.png in Resources */,
				9FF0A8AC2BCCF64E00E60D2F /* sponza_curtain_blue_diff.png in Resources */,
				9FF0A8CA2BCCF64E00E60D2F /* sponza_thorn_bump.png in Resources */,
				9FF0A8B02BCCF64E00E60D2F /* background_bump.png in Resources */,
				9FF0A8B82BCCF64E00E60D2F /* sponza_column_a_ddn.png in Resources */,
				9FF0A8922BCCF64E00E60D2F /* sponza_arch_spec.png in Resources */,
				9FF0A88C2BCCF64E00E60D2F /* spnza_bricks_a_spec.png in Resources */,
				9FF0A8C82BCCF64E00E60D2F /* sponza_floor_a_diff_NRM.png in Resources */,
				9FF0A90C2BCCF64E00E60D2F /* lion2_bump.png in Resources */,
				9FF0A8F02BCCF64E00E60D2F /* sponza_curtain_diff.png in Resources */,
				9FF0A8B22BCCF64E00E60D2F /* vase_round_spec.png in Resources */,
				9F1326A22BB27DD90000E108 /* Assets.xcassets in Resources */,
				9FF0A9082BCCF64E00E60D2F /* vase_dif.png in Resources */,
				9FF0A8F42BCCF64E00E60D2F /* sponza_flagpole_diff.png in Resources */,
				9FF0A8EE2BCCF64E00E60D2F /* sponza_ceiling_a_spec.png in Resources */,
				9FF0A8E22BCCF64E00E60D2F /* spnza_bricks_a_ddn.png in Resources */,
				9FF0A8C62BCCF64E00E60D2F /* vase_bump.png in Resources */,
				9FF0A8EC2BCCF64E00E60D2F /* sponza_fabric_blue_diff_NRM.png in Resources */,
				9FF0A87E2BCCF64E00E60D2F /* vase_round.png in Resources */,
				9FF0A9042BCCF64E00E60D2F /* sponza_thorn_diff.png in Resources */,
				9F1326A52BB27DD90000E108 /* Main.storyboard in Resources */,
				9FF0A8FA2BCCF64E00E60D2F /* lion_ddn.png in Resources */,
				9F90331B2BBD515E00912FDB /* plane.mtl in Resources */,
				9FF0A9062BCCF64E00E60D2F /* sponza_column_b_ddn.png in Resources */,
				9FF0A8D42BCCF64E00E60D2F /* sponza_arch_bump.png in Resources */,
				9FF0A74A2BCCF20600E60D2F /* sponza.mtl in Resources */,
				9FF0A7492BCCF20300E60D2F /* sponza.obj in Resources */,
				9F9033192BBD515E00912FDB /* plane.obj in Resources */,
				9FF0A9152BCD065200E60D2F /* floorNormal-mipmap.png in Resources */,
				9FF0A8CC2BCCF64E00E60D2F /* sponza_details_spec.png in Resources */,
				9FF0A8BE2BCCF64E00E60D2F /* sponza_column_b_bump.png in Resources */,
				9FF0A90A2BCCF64E00E60D2F /* vase_plant_NRM.png in Resources */,
				9FF0A8822BCCF64E00E60D2F /* lion_bump.png in Resources */,
				9FF0A90E2BCCF64E00E60D2F /* vase_round_bump.png in Resources */,
				9FF0A8F82BCCF64E00E60D2F /* sponza_arch_diff.png in Resources */,
				9FF0A8D02BCCF64E00E60D2F /* vase_plant_mask.png in Resources */,
				9FF0A8F22BCCF64E00E60D2F /* chain_texture_bump.png in Resources */,
				9FF0A8942BCCF64E00E60D2F /* sponza_column_a_diff.png in Resources */,
				9FF0A89A2BCCF64E00E60D2F /* sponza_roof_diff.png in Resources */,
				9FF0A8E62BCCF64E00E60D2F /* sponza_column_c_ddn.png in Resources */,
				9FF0A8D62BCCF64E00E60D2F /* sponza_arch_ddn.png in Resources */,
				9F90336E2BBFF88C00912FDB /* house.obj in Resources */,
				9FF0A89E2BCCF64E00E60D2F /* vase_ddn.png in Resources */,
				9FF0A8842BCCF64E00E60D2F /* lion.png in Resources */,
				9FF0A8962BCCF64E00E60D2F /* sponza_details_diff_NRM.png in Resources */,
				9FF0A9022BCCF64E00E60D2F /* sponza_arch_diff_NRM.png in Resources */,
				9FF0A8802BCCF64E00E60D2F /* sponza_column_c_bump.png in Resources */,
				9F9033172BBD515E00912FDB /* plane.png in Resources */,
				9FF0A8C02BCCF64E00E60D2F /* sponza_column_a_bump.png in Resources */,
				9FF0A8E82BCCF64E00E60D2F /* gi_flag.png in Resources */,
				9FF0A8AA2BCCF64E00E60D2F /* vase_round_ddn.png in Resources */,
				9FF0A8CE2BCCF64E00E60D2F /* sponza_thorn_mask.png in Resources */,
				9FF0A8BA2BCCF64E00E60D2F /* sponza_fabric_spec.png in Resources */,
				9FF0A8B62BCCF64E00E60D2F /* chain_texture_mask.png in Resources */,
				9FF0A8FE2BCCF64E00E60D2F /* sponza_column_c_diff.png in Resources */,
				9FF0A88A2BCCF64E00E60D2F /* sponza_ceiling_a_diff_NRM.png in Resources */,
				9FF0A89C2BCCF64E00E60D2F /* vase_plant.png in Resources */,
				9FF0A8A62BCCF64E00E60D2F /* sponza_curtain_blue_diff_NRM.png in Resources */,
				9FF0A8AE2BCCF64E00E60D2F /* sponza_column_c_spec.png in Resources */,
				9FF0A9002BCCF64E00E60D2F /* lion2_ddn.png in Resources */,
				9FF0A8A42BCCF64E00E60D2F /* sponza_details_diff.png in Resources */,
				9FF0A8DA2BCCF64E00E60D2F /* sponza_column_a_spec.png in Resources */,
				9FF0A8882BCCF64E00E60D2F /* chain_texture_ddn.png in Resources */,
				9FF0A8A82BCCF64E00E60D2F /* vase_hanging.png in Resources */,
				9FF0A8C22BCCF64E00E60D2F /* background.png in Resources */,
			);
			runOnlyForDeploymentPostprocessing = 0;
		};
		9F9032F02BBD4FD500912FDB /* Resources */ = {
			isa = PBXResourcesBuildPhase;
			buildActionMask = 2147483647;
			files = (
				9FF0A8892BCCF64E00E60D2F /* chain_texture_ddn.png in Resources */,
				9FF0A8F52BCCF64E00E60D2F /* sponza_flagpole_diff.png in Resources */,
				9FF0A8812BCCF64E00E60D2F /* sponza_column_c_bump.png in Resources */,
				9FF0A8852BCCF64E00E60D2F /* lion.png in Resources */,
				9FF0A8F72BCCF64E00E60D2F /* vase_hanging_NRM.png in Resources */,
				9FF0A9052BCCF64E00E60D2F /* sponza_thorn_diff.png in Resources */,
				9FF0A8BB2BCCF64E00E60D2F /* sponza_fabric_spec.png in Resources */,
				9FF0A8DB2BCCF64E00E60D2F /* sponza_column_a_spec.png in Resources */,
				9FF0A89F2BCCF64E00E60D2F /* vase_ddn.png in Resources */,
				9FF0A90F2BCCF64E00E60D2F /* vase_round_bump.png in Resources */,
				9FF0A8DF2BCCF64E00E60D2F /* sponza_flagpole_spec.png in Resources */,
				9FF0A8E92BCCF64E00E60D2F /* gi_flag.png in Resources */,
				9FF0A8B72BCCF64E00E60D2F /* chain_texture_mask.png in Resources */,
				9F9033182BBD515E00912FDB /* plane.png in Resources */,
				9FF0A8C72BCCF64E00E60D2F /* vase_bump.png in Resources */,
				9FF0A8872BCCF64E00E60D2F /* sponza_fabric_diff.png in Resources */,
				9FF0A8A52BCCF64E00E60D2F /* sponza_details_diff.png in Resources */,
				9FF0A8CD2BCCF64E00E60D2F /* sponza_details_spec.png in Resources */,
				9FF0A8D72BCCF64E00E60D2F /* sponza_arch_ddn.png in Resources */,
				9FF0A8952BCCF64E00E60D2F /* sponza_column_a_diff.png in Resources */,
				9FF0A8ED2BCCF64E00E60D2F /* sponza_fabric_blue_diff_NRM.png in Resources */,
				9FF0A8F32BCCF64E00E60D2F /* chain_texture_bump.png in Resources */,
				9FF0A8A32BCCF64E00E60D2F /* sponza_column_b_spec.png in Resources */,
				9FF0A88D2BCCF64E00E60D2F /* spnza_bricks_a_spec.png in Resources */,
				9FF0A88F2BCCF64E00E60D2F /* sponza_floor_a_diff.png in Resources */,
				9FF0A8D92BCCF64E00E60D2F /* sponza_fabric_green_diff.png in Resources */,
				9FF0A8E72BCCF64E00E60D2F /* sponza_column_c_ddn.png in Resources */,
				9FF0A8DD2BCCF64E00E60D2F /* sponza_fabric_blue_diff.png in Resources */,
				9FF0A8C92BCCF64E00E60D2F /* sponza_floor_a_diff_NRM.png in Resources */,
				9FF0A90D2BCCF64E00E60D2F /* lion2_bump.png in Resources */,
				9FF0A8992BCCF64E00E60D2F /* sponza_floor_a_spec.png in Resources */,
				9FF0A9162BCD065200E60D2F /* floorNormal-mipmap.png in Resources */,
				9FF0A8D32BCCF64E00E60D2F /* chain_texture.png in Resources */,
				9FF0A8972BCCF64E00E60D2F /* sponza_details_diff_NRM.png in Resources */,
				9FF0A8EB2BCCF64E00E60D2F /* sponza_thorn_ddn.png in Resources */,
				9FF0A9072BCCF64E00E60D2F /* sponza_column_b_ddn.png in Resources */,
				9FF0A8AB2BCCF64E00E60D2F /* vase_round_ddn.png in Resources */,
				9FF0A8CF2BCCF64E00E60D2F /* sponza_thorn_mask.png in Resources */,
				9FF0A8E12BCCF64E00E60D2F /* spnza_bricks_a_bump.png in Resources */,
				9FF0A8C32BCCF64E00E60D2F /* background.png in Resources */,
				9FF0A9032BCCF64E00E60D2F /* sponza_arch_diff_NRM.png in Resources */,
				9FF0A8A92BCCF64E00E60D2F /* vase_hanging.png in Resources */,
				9FF0A8FB2BCCF64E00E60D2F /* lion_ddn.png in Resources */,
				9FF0A87F2BCCF64E00E60D2F /* vase_round.png in Resources */,
				9FF0A8A72BCCF64E00E60D2F /* sponza_curtain_blue_diff_NRM.png in Resources */,
				9FF0A8832BCCF64E00E60D2F /* lion_bump.png in Resources */,
				9FF0A89D2BCCF64E00E60D2F /* vase_plant.png in Resources */,
				9F9033732BBFF88C00912FDB /* house.mtl in Resources */,
				9FF0A88B2BCCF64E00E60D2F /* sponza_ceiling_a_diff_NRM.png in Resources */,
				9FF0A8B52BCCF64E00E60D2F /* backgroundBGR.png in Resources */,
				9F9033042BBD4FD700912FDB /* LaunchScreen.storyboard in Resources */,
				9FF0A8A12BCCF64E00E60D2F /* vase_plant_spec.png in Resources */,
				9FF0A87D2BCCF64E00E60D2F /* sponza_ceiling_a_diff.png in Resources */,
				9FF0A90B2BCCF64E00E60D2F /* vase_plant_NRM.png in Resources */,
				9FF0A8E52BCCF64E00E60D2F /* spnza_bricks_a_diff.png in Resources */,
				9FF0A8FD2BCCF64E00E60D2F /* sponza_curtain_green_diff.png in Resources */,
				9FF0A8BF2BCCF64E00E60D2F /* sponza_column_b_bump.png in Resources */,
				9FF0A8AF2BCCF64E00E60D2F /* sponza_column_c_spec.png in Resources */,
				9FF0A8B12BCCF64E00E60D2F /* background_bump.png in Resources */,
				9FF0A8AD2BCCF64E00E60D2F /* sponza_curtain_blue_diff.png in Resources */,
				9FF0A8932BCCF64E00E60D2F /* sponza_arch_spec.png in Resources */,
				9FF0A8CB2BCCF64E00E60D2F /* sponza_thorn_bump.png in Resources */,
				9F90331C2BBD515E00912FDB /* plane.mtl in Resources */,
				9FF0A89B2BCCF64E00E60D2F /* sponza_roof_diff.png in Resources */,
				9FF0A8912BCCF64E00E60D2F /* background_ddn.png in Resources */,
				9FF0A8D52BCCF64E00E60D2F /* sponza_arch_bump.png in Resources */,
				9FF0A8B32BCCF64E00E60D2F /* vase_round_spec.png in Resources */,
				9FF0A9132BCCF64E00E60D2F /* sponza_flagpole_diff_NRM.png in Resources */,
				9FF0A8D12BCCF64E00E60D2F /* vase_plant_mask.png in Resources */,
				9FF0A9112BCCF64E00E60D2F /* sponza_thorn_spec.png in Resources */,
				9FF0A9092BCCF64E00E60D2F /* vase_dif.png in Resources */,
				9F90331A2BBD515E00912FDB /* plane.obj in Resources */,
				9F9033012BBD4FD700912FDB /* Assets.xcassets in Resources */,
				9FF0A8F12BCCF64E00E60D2F /* sponza_curtain_diff.png in Resources */,
				9FF0A8FF2BCCF64E00E60D2F /* sponza_column_c_diff.png in Resources */,
				9FF0A8EF2BCCF64E00E60D2F /* sponza_ceiling_a_spec.png in Resources */,
				9F90336F2BBFF88C00912FDB /* house.obj in Resources */,
				9F9032FF2BBD4FD500912FDB /* Main.storyboard in Resources */,
				9FF0A9012BCCF64E00E60D2F /* lion2_ddn.png in Resources */,
				9FF0A8B92BCCF64E00E60D2F /* sponza_column_a_ddn.png in Resources */,
				9FF0A8C12BCCF64E00E60D2F /* sponza_column_a_bump.png in Resources */,
				9FF0A8C52BCCF64E00E60D2F /* sponza_column_b_diff.png in Resources */,
				9FF0A8BD2BCCF64E00E60D2F /* sponza_roof_diff_NRM.png in Resources */,
				9FF0A8E32BCCF64E00E60D2F /* spnza_bricks_a_ddn.png in Resources */,
				9FF0A8F92BCCF64E00E60D2F /* sponza_arch_diff.png in Resources */,
			);
			runOnlyForDeploymentPostprocessing = 0;
		};
/* End PBXResourcesBuildPhase section */

/* Begin PBXSourcesBuildPhase section */
		9F1326942BB27DD70000E108 /* Sources */ = {
			isa = PBXSourcesBuildPhase;
			buildActionMask = 2147483647;
			files = (
				9F9033372BBD530E00912FDB /* AACamera.m in Sources */,
				9F1326A02BB27DD70000E108 /* ViewController.m in Sources */,
				9F9033312BBD530E00912FDB /* AAScene.m in Sources */,
				9F9033392BBD530E00912FDB /* AAAssetManager.m in Sources */,
				9F1326A72BB27DD90000E108 /* main.m in Sources */,
				9F9033352BBD530E00912FDB /* Basic.metal in Sources */,
				9F13269D2BB27DD70000E108 /* AppDelegate.m in Sources */,
				9F90332F2BBD530E00912FDB /* AAModel.m in Sources */,
				9F9033332BBD530E00912FDB /* AAMath.m in Sources */,
				9F90333B2BBD530E00912FDB /* AAEngine.m in Sources */,
			);
			runOnlyForDeploymentPostprocessing = 0;
		};
		9F9032EE2BBD4FD500912FDB /* Sources */ = {
			isa = PBXSourcesBuildPhase;
			buildActionMask = 2147483647;
			files = (
				9F9032FC2BBD4FD500912FDB /* ViewController.m in Sources */,
				9F90333C2BBD530E00912FDB /* AAEngine.m in Sources */,
				9F9033302BBD530E00912FDB /* AAModel.m in Sources */,
				9F90333A2BBD530E00912FDB /* AAAssetManager.m in Sources */,
				9F9032F62BBD4FD500912FDB /* AppDelegate.m in Sources */,
				9F9033072BBD4FD700912FDB /* main.m in Sources */,
				9F9033322BBD530E00912FDB /* AAScene.m in Sources */,
				9F9032F92BBD4FD500912FDB /* SceneDelegate.m in Sources */,
				9F9033362BBD530E00912FDB /* Basic.metal in Sources */,
				9F9033342BBD530E00912FDB /* AAMath.m in Sources */,
				9F9033382BBD530E00912FDB /* AACamera.m in Sources */,
			);
			runOnlyForDeploymentPostprocessing = 0;
		};
/* End PBXSourcesBuildPhase section */

/* Begin PBXVariantGroup section */
		9F1326A32BB27DD90000E108 /* Main.storyboard */ = {
			isa = PBXVariantGroup;
			children = (
				9F1326A42BB27DD90000E108 /* Base */,
			);
			name = Main.storyboard;
			sourceTree = "<group>";
		};
		9F9032FD2BBD4FD500912FDB /* Main.storyboard */ = {
			isa = PBXVariantGroup;
			children = (
				9F9032FE2BBD4FD500912FDB /* Base */,
			);
			name = Main.storyboard;
			sourceTree = "<group>";
		};
		9F9033022BBD4FD700912FDB /* LaunchScreen.storyboard */ = {
			isa = PBXVariantGroup;
			children = (
				9F9033032BBD4FD700912FDB /* Base */,
			);
			name = LaunchScreen.storyboard;
			sourceTree = "<group>";
		};
/* End PBXVariantGroup section */

/* Begin XCBuildConfiguration section */
		9F1326A92BB27DD90000E108 /* Debug */ = {
			isa = XCBuildConfiguration;
			buildSettings = {
				ALWAYS_SEARCH_USER_PATHS = NO;
				ASSETCATALOG_COMPILER_GENERATE_SWIFT_ASSET_SYMBOL_EXTENSIONS = YES;
				CLANG_ANALYZER_NONNULL = YES;
				CLANG_ANALYZER_NUMBER_OBJECT_CONVERSION = YES_AGGRESSIVE;
				CLANG_CXX_LANGUAGE_STANDARD = "gnu++20";
				CLANG_ENABLE_MODULES = YES;
				CLANG_ENABLE_OBJC_ARC = YES;
				CLANG_ENABLE_OBJC_WEAK = YES;
				CLANG_WARN_BLOCK_CAPTURE_AUTORELEASING = YES;
				CLANG_WARN_BOOL_CONVERSION = YES;
				CLANG_WARN_COMMA = YES;
				CLANG_WARN_CONSTANT_CONVERSION = YES;
				CLANG_WARN_DEPRECATED_OBJC_IMPLEMENTATIONS = YES;
				CLANG_WARN_DIRECT_OBJC_ISA_USAGE = YES_ERROR;
				CLANG_WARN_DOCUMENTATION_COMMENTS = YES;
				CLANG_WARN_EMPTY_BODY = YES;
				CLANG_WARN_ENUM_CONVERSION = YES;
				CLANG_WARN_INFINITE_RECURSION = YES;
				CLANG_WARN_INT_CONVERSION = YES;
				CLANG_WARN_NON_LITERAL_NULL_CONVERSION = YES;
				CLANG_WARN_OBJC_IMPLICIT_RETAIN_SELF = YES;
				CLANG_WARN_OBJC_LITERAL_CONVERSION = YES;
				CLANG_WARN_OBJC_ROOT_CLASS = YES_ERROR;
				CLANG_WARN_QUOTED_INCLUDE_IN_FRAMEWORK_HEADER = YES;
				CLANG_WARN_RANGE_LOOP_ANALYSIS = YES;
				CLANG_WARN_STRICT_PROTOTYPES = YES;
				CLANG_WARN_SUSPICIOUS_MOVE = YES;
				CLANG_WARN_UNGUARDED_AVAILABILITY = YES_AGGRESSIVE;
				CLANG_WARN_UNREACHABLE_CODE = YES;
				CLANG_WARN__DUPLICATE_METHOD_MATCH = YES;
				COPY_PHASE_STRIP = NO;
				DEBUG_INFORMATION_FORMAT = dwarf;
				ENABLE_STRICT_OBJC_MSGSEND = YES;
				ENABLE_TESTABILITY = YES;
				ENABLE_USER_SCRIPT_SANDBOXING = YES;
				GCC_C_LANGUAGE_STANDARD = gnu17;
				GCC_DYNAMIC_NO_PIC = NO;
				GCC_NO_COMMON_BLOCKS = YES;
				GCC_OPTIMIZATION_LEVEL = 0;
				GCC_PREPROCESSOR_DEFINITIONS = (
					"DEBUG=1",
					"$(inherited)",
				);
				GCC_WARN_64_TO_32_BIT_CONVERSION = YES;
				GCC_WARN_ABOUT_RETURN_TYPE = YES_ERROR;
				GCC_WARN_UNDECLARED_SELECTOR = YES;
				GCC_WARN_UNINITIALIZED_AUTOS = YES_AGGRESSIVE;
				GCC_WARN_UNUSED_FUNCTION = YES;
				GCC_WARN_UNUSED_VARIABLE = YES;
				LOCALIZATION_PREFERS_STRING_CATALOGS = YES;
				MACOSX_DEPLOYMENT_TARGET = 13.5;
				MTL_ENABLE_DEBUG_INFO = INCLUDE_SOURCE;
				MTL_FAST_MATH = YES;
				ONLY_ACTIVE_ARCH = YES;
				SDKROOT = macosx;
			};
			name = Debug;
		};
		9F1326AA2BB27DD90000E108 /* Release */ = {
			isa = XCBuildConfiguration;
			buildSettings = {
				ALWAYS_SEARCH_USER_PATHS = NO;
				ASSETCATALOG_COMPILER_GENERATE_SWIFT_ASSET_SYMBOL_EXTENSIONS = YES;
				CLANG_ANALYZER_NONNULL = YES;
				CLANG_ANALYZER_NUMBER_OBJECT_CONVERSION = YES_AGGRESSIVE;
				CLANG_CXX_LANGUAGE_STANDARD = "gnu++20";
				CLANG_ENABLE_MODULES = YES;
				CLANG_ENABLE_OBJC_ARC = YES;
				CLANG_ENABLE_OBJC_WEAK = YES;
				CLANG_WARN_BLOCK_CAPTURE_AUTORELEASING = YES;
				CLANG_WARN_BOOL_CONVERSION = YES;
				CLANG_WARN_COMMA = YES;
				CLANG_WARN_CONSTANT_CONVERSION = YES;
				CLANG_WARN_DEPRECATED_OBJC_IMPLEMENTATIONS = YES;
				CLANG_WARN_DIRECT_OBJC_ISA_USAGE = YES_ERROR;
				CLANG_WARN_DOCUMENTATION_COMMENTS = YES;
				CLANG_WARN_EMPTY_BODY = YES;
				CLANG_WARN_ENUM_CONVERSION = YES;
				CLANG_WARN_INFINITE_RECURSION = YES;
				CLANG_WARN_INT_CONVERSION = YES;
				CLANG_WARN_NON_LITERAL_NULL_CONVERSION = YES;
				CLANG_WARN_OBJC_IMPLICIT_RETAIN_SELF = YES;
				CLANG_WARN_OBJC_LITERAL_CONVERSION = YES;
				CLANG_WARN_OBJC_ROOT_CLASS = YES_ERROR;
				CLANG_WARN_QUOTED_INCLUDE_IN_FRAMEWORK_HEADER = YES;
				CLANG_WARN_RANGE_LOOP_ANALYSIS = YES;
				CLANG_WARN_STRICT_PROTOTYPES = YES;
				CLANG_WARN_SUSPICIOUS_MOVE = YES;
				CLANG_WARN_UNGUARDED_AVAILABILITY = YES_AGGRESSIVE;
				CLANG_WARN_UNREACHABLE_CODE = YES;
				CLANG_WARN__DUPLICATE_METHOD_MATCH = YES;
				COPY_PHASE_STRIP = NO;
				DEBUG_INFORMATION_FORMAT = "dwarf-with-dsym";
				ENABLE_NS_ASSERTIONS = NO;
				ENABLE_STRICT_OBJC_MSGSEND = YES;
				ENABLE_USER_SCRIPT_SANDBOXING = YES;
				GCC_C_LANGUAGE_STANDARD = gnu17;
				GCC_NO_COMMON_BLOCKS = YES;
				GCC_WARN_64_TO_32_BIT_CONVERSION = YES;
				GCC_WARN_ABOUT_RETURN_TYPE = YES_ERROR;
				GCC_WARN_UNDECLARED_SELECTOR = YES;
				GCC_WARN_UNINITIALIZED_AUTOS = YES_AGGRESSIVE;
				GCC_WARN_UNUSED_FUNCTION = YES;
				GCC_WARN_UNUSED_VARIABLE = YES;
				LOCALIZATION_PREFERS_STRING_CATALOGS = YES;
				MACOSX_DEPLOYMENT_TARGET = 13.5;
				MTL_ENABLE_DEBUG_INFO = NO;
				MTL_FAST_MATH = YES;
				SDKROOT = macosx;
			};
			name = Release;
		};
		9F1326AC2BB27DD90000E108 /* Debug */ = {
			isa = XCBuildConfiguration;
			buildSettings = {
				ASSETCATALOG_COMPILER_APPICON_NAME = AppIcon;
				ASSETCATALOG_COMPILER_GLOBAL_ACCENT_COLOR_NAME = AccentColor;
				CODE_SIGN_ENTITLEMENTS = "AAEngine-Demo/AAEngine_Demo.entitlements";
				CODE_SIGN_STYLE = Automatic;
				COMBINE_HIDPI_IMAGES = YES;
				CURRENT_PROJECT_VERSION = 1;
				GENERATE_INFOPLIST_FILE = YES;
				INFOPLIST_KEY_NSHumanReadableCopyright = "";
				INFOPLIST_KEY_NSMainStoryboardFile = Main;
				INFOPLIST_KEY_NSPrincipalClass = NSApplication;
				LD_RUNPATH_SEARCH_PATHS = (
					"$(inherited)",
					"@executable_path/../Frameworks",
				);
				MARKETING_VERSION = 1.0;
				PRODUCT_BUNDLE_IDENTIFIER = "allen0828.AAEngine-Demo";
				PRODUCT_NAME = "$(TARGET_NAME)";
				SWIFT_EMIT_LOC_STRINGS = YES;
			};
			name = Debug;
		};
		9F1326AD2BB27DD90000E108 /* Release */ = {
			isa = XCBuildConfiguration;
			buildSettings = {
				ASSETCATALOG_COMPILER_APPICON_NAME = AppIcon;
				ASSETCATALOG_COMPILER_GLOBAL_ACCENT_COLOR_NAME = AccentColor;
				CODE_SIGN_ENTITLEMENTS = "AAEngine-Demo/AAEngine_Demo.entitlements";
				CODE_SIGN_STYLE = Automatic;
				COMBINE_HIDPI_IMAGES = YES;
				CURRENT_PROJECT_VERSION = 1;
				GENERATE_INFOPLIST_FILE = YES;
				INFOPLIST_KEY_NSHumanReadableCopyright = "";
				INFOPLIST_KEY_NSMainStoryboardFile = Main;
				INFOPLIST_KEY_NSPrincipalClass = NSApplication;
				LD_RUNPATH_SEARCH_PATHS = (
					"$(inherited)",
					"@executable_path/../Frameworks",
				);
				MARKETING_VERSION = 1.0;
				PRODUCT_BUNDLE_IDENTIFIER = "allen0828.AAEngine-Demo";
				PRODUCT_NAME = "$(TARGET_NAME)";
				SWIFT_EMIT_LOC_STRINGS = YES;
			};
			name = Release;
		};
		9F9033082BBD4FD700912FDB /* Debug */ = {
			isa = XCBuildConfiguration;
			buildSettings = {
				ASSETCATALOG_COMPILER_APPICON_NAME = AppIcon;
				ASSETCATALOG_COMPILER_GLOBAL_ACCENT_COLOR_NAME = AccentColor;
				CODE_SIGN_STYLE = Automatic;
				CURRENT_PROJECT_VERSION = 1;
				DEVELOPMENT_TEAM = D5M8CJ9NDR;
				GENERATE_INFOPLIST_FILE = YES;
				INFOPLIST_FILE = "AAEngine-iOS-Demo/Info.plist";
				INFOPLIST_KEY_UIApplicationSupportsIndirectInputEvents = YES;
				INFOPLIST_KEY_UILaunchStoryboardName = LaunchScreen;
				INFOPLIST_KEY_UIMainStoryboardFile = Main;
				INFOPLIST_KEY_UISupportedInterfaceOrientations_iPad = "UIInterfaceOrientationPortrait UIInterfaceOrientationPortraitUpsideDown UIInterfaceOrientationLandscapeLeft UIInterfaceOrientationLandscapeRight";
				INFOPLIST_KEY_UISupportedInterfaceOrientations_iPhone = "UIInterfaceOrientationPortrait UIInterfaceOrientationLandscapeLeft UIInterfaceOrientationLandscapeRight";
				IPHONEOS_DEPLOYMENT_TARGET = 17.2;
				LD_RUNPATH_SEARCH_PATHS = (
					"$(inherited)",
					"@executable_path/Frameworks",
				);
				MARKETING_VERSION = 1.0;
				PRODUCT_BUNDLE_IDENTIFIER = "allen0828.AAEngine-iOS-Demo";
				PRODUCT_NAME = "$(TARGET_NAME)";
				SDKROOT = iphoneos;
				SWIFT_EMIT_LOC_STRINGS = YES;
				TARGETED_DEVICE_FAMILY = "1,2";
			};
			name = Debug;
		};
		9F9033092BBD4FD700912FDB /* Release */ = {
			isa = XCBuildConfiguration;
			buildSettings = {
				ASSETCATALOG_COMPILER_APPICON_NAME = AppIcon;
				ASSETCATALOG_COMPILER_GLOBAL_ACCENT_COLOR_NAME = AccentColor;
				CODE_SIGN_STYLE = Automatic;
				CURRENT_PROJECT_VERSION = 1;
				DEVELOPMENT_TEAM = D5M8CJ9NDR;
				GENERATE_INFOPLIST_FILE = YES;
				INFOPLIST_FILE = "AAEngine-iOS-Demo/Info.plist";
				INFOPLIST_KEY_UIApplicationSupportsIndirectInputEvents = YES;
				INFOPLIST_KEY_UILaunchStoryboardName = LaunchScreen;
				INFOPLIST_KEY_UIMainStoryboardFile = Main;
				INFOPLIST_KEY_UISupportedInterfaceOrientations_iPad = "UIInterfaceOrientationPortrait UIInterfaceOrientationPortraitUpsideDown UIInterfaceOrientationLandscapeLeft UIInterfaceOrientationLandscapeRight";
				INFOPLIST_KEY_UISupportedInterfaceOrientations_iPhone = "UIInterfaceOrientationPortrait UIInterfaceOrientationLandscapeLeft UIInterfaceOrientationLandscapeRight";
				IPHONEOS_DEPLOYMENT_TARGET = 17.2;
				LD_RUNPATH_SEARCH_PATHS = (
					"$(inherited)",
					"@executable_path/Frameworks",
				);
				MARKETING_VERSION = 1.0;
				PRODUCT_BUNDLE_IDENTIFIER = "allen0828.AAEngine-iOS-Demo";
				PRODUCT_NAME = "$(TARGET_NAME)";
				SDKROOT = iphoneos;
				SWIFT_EMIT_LOC_STRINGS = YES;
				TARGETED_DEVICE_FAMILY = "1,2";
				VALIDATE_PRODUCT = YES;
			};
			name = Release;
		};
/* End XCBuildConfiguration section */

/* Begin XCConfigurationList section */
		9F1326932BB27DD70000E108 /* Build configuration list for PBXProject "AAEngine-Demo" */ = {
			isa = XCConfigurationList;
			buildConfigurations = (
				9F1326A92BB27DD90000E108 /* Debug */,
				9F1326AA2BB27DD90000E108 /* Release */,
			);
			defaultConfigurationIsVisible = 0;
			defaultConfigurationName = Release;
		};
		9F1326AB2BB27DD90000E108 /* Build configuration list for PBXNativeTarget "AAEngine-Demo" */ = {
			isa = XCConfigurationList;
			buildConfigurations = (
				9F1326AC2BB27DD90000E108 /* Debug */,
				9F1326AD2BB27DD90000E108 /* Release */,
			);
			defaultConfigurationIsVisible = 0;
			defaultConfigurationName = Release;
		};
		9F90330A2BBD4FD700912FDB /* Build configuration list for PBXNativeTarget "AAEngine-iOS-Demo" */ = {
			isa = XCConfigurationList;
			buildConfigurations = (
				9F9033082BBD4FD700912FDB /* Debug */,
				9F9033092BBD4FD700912FDB /* Release */,
			);
			defaultConfigurationIsVisible = 0;
			defaultConfigurationName = Release;
		};
/* End XCConfigurationList section */
	};
	rootObject = 9F1326902BB27DD70000E108 /* Project object */;
}
