// !$*UTF8*$!
{
	archiveVersion = 1;
	classes = {
	};
	objectVersion = 56;
	objects = {

/* Begin PBXBuildFile section */
		9F13269D2BB27DD70000E108 /* AppDelegate.m in Sources */ = {isa = PBXBuildFile; fileRef = 9F13269C2BB27DD70000E108 /* AppDelegate.m */; };
		9F1326A02BB27DD70000E108 /* ViewController.m in Sources */ = {isa = PBXBuildFile; fileRef = 9F13269F2BB27DD70000E108 /* ViewController.m */; };
		9F1326A22BB27DD90000E108 /* Assets.xcassets in Resources */ = {isa = PBXBuildFile; fileRef = 9F1326A12BB27DD90000E108 /* Assets.xcassets */; };
		9F1326A52BB27DD90000E108 /* Main.storyboard in Resources */ = {isa = PBXBuildFile; fileRef = 9F1326A32BB27DD90000E108 /* Main.storyboard */; };
		9F1326A72BB27DD90000E108 /* main.m in Sources */ = {isa = PBXBuildFile; fileRef = 9F1326A62BB27DD90000E108 /* main.m */; };
		9F201ED92BB3F71800BA818A /* AAEngine.m in Sources */ = {isa = PBXBuildFile; fileRef = 9F201ED82BB3F71800BA818A /* AAEngine.m */; };
		9F201EDE2BB3FAAE00BA818A /* AAModel.m in Sources */ = {isa = PBXBuildFile; fileRef = 9F201EDD2BB3FAAE00BA818A /* AAModel.m */; };
		9F201EE12BB594C700BA818A /* AAScene.m in Sources */ = {isa = PBXBuildFile; fileRef = 9F201EE02BB594C700BA818A /* AAScene.m */; };
		9F201EE42BB59C3B00BA818A /* AACamera.m in Sources */ = {isa = PBXBuildFile; fileRef = 9F201EE32BB59C3B00BA818A /* AACamera.m */; };
		9F201EE82BB6713F00BA818A /* AAMath.m in Sources */ = {isa = PBXBuildFile; fileRef = 9F201EE72BB6713F00BA818A /* AAMath.m */; };
		9F201EEE2BB6891600BA818A /* plane.png in Resources */ = {isa = PBXBuildFile; fileRef = 9F201EEB2BB6891600BA818A /* plane.png */; };
		9F201EEF2BB6891600BA818A /* plane.obj in Resources */ = {isa = PBXBuildFile; fileRef = 9F201EEC2BB6891600BA818A /* plane.obj */; };
		9F201EF02BB6891600BA818A /* plane.mtl in Resources */ = {isa = PBXBuildFile; fileRef = 9F201EED2BB6891600BA818A /* plane.mtl */; };
		9F201EF22BB68A8C00BA818A /* AAAssetManager.m in Sources */ = {isa = PBXBuildFile; fileRef = 9F201EF12BB68A8C00BA818A /* AAAssetManager.m */; };
		9F201EF52BB68D5A00BA818A /* Basic.metal in Sources */ = {isa = PBXBuildFile; fileRef = 9F201EF42BB68D5A00BA818A /* Basic.metal */; };
/* End PBXBuildFile section */

/* Begin PBXFileReference section */
		9F1326982BB27DD70000E108 /* AAEngine-Demo.app */ = {isa = PBXFileReference; explicitFileType = wrapper.application; includeInIndex = 0; path = "AAEngine-Demo.app"; sourceTree = BUILT_PRODUCTS_DIR; };
		9F13269B2BB27DD70000E108 /* AppDelegate.h */ = {isa = PBXFileReference; lastKnownFileType = sourcecode.c.h; path = AppDelegate.h; sourceTree = "<group>"; };
		9F13269C2BB27DD70000E108 /* AppDelegate.m */ = {isa = PBXFileReference; lastKnownFileType = sourcecode.c.objc; path = AppDelegate.m; sourceTree = "<group>"; };
		9F13269E2BB27DD70000E108 /* ViewController.h */ = {isa = PBXFileReference; lastKnownFileType = sourcecode.c.h; path = ViewController.h; sourceTree = "<group>"; };
		9F13269F2BB27DD70000E108 /* ViewController.m */ = {isa = PBXFileReference; lastKnownFileType = sourcecode.c.objc; path = ViewController.m; sourceTree = "<group>"; };
		9F1326A12BB27DD90000E108 /* Assets.xcassets */ = {isa = PBXFileReference; lastKnownFileType = folder.assetcatalog; path = Assets.xcassets; sourceTree = "<group>"; };
		9F1326A42BB27DD90000E108 /* Base */ = {isa = PBXFileReference; lastKnownFileType = file.storyboard; name = Base; path = Base.lproj/Main.storyboard; sourceTree = "<group>"; };
		9F1326A62BB27DD90000E108 /* main.m */ = {isa = PBXFileReference; lastKnownFileType = sourcecode.c.objc; path = main.m; sourceTree = "<group>"; };
		9F1326A82BB27DD90000E108 /* AAEngine_Demo.entitlements */ = {isa = PBXFileReference; lastKnownFileType = text.plist.entitlements; path = AAEngine_Demo.entitlements; sourceTree = "<group>"; };
		9F201ED62BB3F71800BA818A /* AAEngine.h */ = {isa = PBXFileReference; fileEncoding = 4; lastKnownFileType = sourcecode.c.h; path = AAEngine.h; sourceTree = "<group>"; };
		9F201ED82BB3F71800BA818A /* AAEngine.m */ = {isa = PBXFileReference; fileEncoding = 4; lastKnownFileType = sourcecode.c.objc; path = AAEngine.m; sourceTree = "<group>"; };
		9F201EDB2BB3F7B300BA818A /* AAAssetManager.h */ = {isa = PBXFileReference; lastKnownFileType = sourcecode.c.h; path = AAAssetManager.h; sourceTree = "<group>"; };
		9F201EDC2BB3F94B00BA818A /* AAModel.h */ = {isa = PBXFileReference; lastKnownFileType = sourcecode.c.h; path = AAModel.h; sourceTree = "<group>"; };
		9F201EDD2BB3FAAE00BA818A /* AAModel.m */ = {isa = PBXFileReference; lastKnownFileType = sourcecode.c.objc; path = AAModel.m; sourceTree = "<group>"; };
		9F201EDF2BB54B9400BA818A /* AAScene.h */ = {isa = PBXFileReference; lastKnownFileType = sourcecode.c.h; path = AAScene.h; sourceTree = "<group>"; };
		9F201EE02BB594C700BA818A /* AAScene.m */ = {isa = PBXFileReference; lastKnownFileType = sourcecode.c.objc; path = AAScene.m; sourceTree = "<group>"; };
		9F201EE22BB59BC100BA818A /* AACamera.h */ = {isa = PBXFileReference; lastKnownFileType = sourcecode.c.h; path = AACamera.h; sourceTree = "<group>"; };
		9F201EE32BB59C3B00BA818A /* AACamera.m */ = {isa = PBXFileReference; lastKnownFileType = sourcecode.c.objc; path = AACamera.m; sourceTree = "<group>"; };
		9F201EE52BB59C8300BA818A /* AAMath.h */ = {isa = PBXFileReference; lastKnownFileType = sourcecode.c.h; path = AAMath.h; sourceTree = "<group>"; };
		9F201EE72BB6713F00BA818A /* AAMath.m */ = {isa = PBXFileReference; lastKnownFileType = sourcecode.c.objc; path = AAMath.m; sourceTree = "<group>"; };
		9F201EEB2BB6891600BA818A /* plane.png */ = {isa = PBXFileReference; lastKnownFileType = image.png; path = plane.png; sourceTree = "<group>"; };
		9F201EEC2BB6891600BA818A /* plane.obj */ = {isa = PBXFileReference; fileEncoding = 4; lastKnownFileType = text; path = plane.obj; sourceTree = "<group>"; };
		9F201EED2BB6891600BA818A /* plane.mtl */ = {isa = PBXFileReference; fileEncoding = 4; lastKnownFileType = text; path = plane.mtl; sourceTree = "<group>"; };
		9F201EF12BB68A8C00BA818A /* AAAssetManager.m */ = {isa = PBXFileReference; lastKnownFileType = sourcecode.c.objc; path = AAAssetManager.m; sourceTree = "<group>"; };
		9F201EF42BB68D5A00BA818A /* Basic.metal */ = {isa = PBXFileReference; lastKnownFileType = sourcecode.metal; path = Basic.metal; sourceTree = "<group>"; };
/* End PBXFileReference section */

/* Begin PBXFrameworksBuildPhase section */
		9F1326952BB27DD70000E108 /* Frameworks */ = {
			isa = PBXFrameworksBuildPhase;
			buildActionMask = 2147483647;
			files = (
			);
			runOnlyForDeploymentPostprocessing = 0;
		};
/* End PBXFrameworksBuildPhase section */

/* Begin PBXGroup section */
		9F13268F2BB27DD70000E108 = {
			isa = PBXGroup;
			children = (
				9F13269A2BB27DD70000E108 /* AAEngine-Demo */,
				9F1326992BB27DD70000E108 /* Products */,
			);
			sourceTree = "<group>";
		};
		9F1326992BB27DD70000E108 /* Products */ = {
			isa = PBXGroup;
			children = (
				9F1326982BB27DD70000E108 /* AAEngine-Demo.app */,
			);
			name = Products;
			sourceTree = "<group>";
		};
		9F13269A2BB27DD70000E108 /* AAEngine-Demo */ = {
			isa = PBXGroup;
			children = (
				9F201EE92BB688DA00BA818A /* Resources */,
				9F201ED42BB3F71800BA818A /* Source */,
				9F13269B2BB27DD70000E108 /* AppDelegate.h */,
				9F13269C2BB27DD70000E108 /* AppDelegate.m */,
				9F13269E2BB27DD70000E108 /* ViewController.h */,
				9F13269F2BB27DD70000E108 /* ViewController.m */,
				9F1326A12BB27DD90000E108 /* Assets.xcassets */,
				9F1326A32BB27DD90000E108 /* Main.storyboard */,
				9F1326A62BB27DD90000E108 /* main.m */,
				9F1326A82BB27DD90000E108 /* AAEngine_Demo.entitlements */,
			);
			path = "AAEngine-Demo";
			sourceTree = "<group>";
		};
		9F201ED42BB3F71800BA818A /* Source */ = {
			isa = PBXGroup;
			children = (
				9F201ED52BB3F71800BA818A /* AAEngine */,
				9F201ED72BB3F71800BA818A /* private */,
			);
			name = Source;
			path = ../../Source;
			sourceTree = "<group>";
		};
		9F201ED52BB3F71800BA818A /* AAEngine */ = {
			isa = PBXGroup;
			children = (
				9F201ED62BB3F71800BA818A /* AAEngine.h */,
				9F201EDB2BB3F7B300BA818A /* AAAssetManager.h */,
				9F201EDC2BB3F94B00BA818A /* AAModel.h */,
				9F201EDF2BB54B9400BA818A /* AAScene.h */,
				9F201EE22BB59BC100BA818A /* AACamera.h */,
				9F201EE52BB59C8300BA818A /* AAMath.h */,
			);
			path = AAEngine;
			sourceTree = "<group>";
		};
		9F201ED72BB3F71800BA818A /* private */ = {
			isa = PBXGroup;
			children = (
				9F201EF32BB68D2700BA818A /* Shaders */,
				9F201EE62BB6712300BA818A /* Math */,
				9F201ED82BB3F71800BA818A /* AAEngine.m */,
				9F201EDD2BB3FAAE00BA818A /* AAModel.m */,
				9F201EE02BB594C700BA818A /* AAScene.m */,
				9F201EE32BB59C3B00BA818A /* AACamera.m */,
				9F201EF12BB68A8C00BA818A /* AAAssetManager.m */,
			);
			path = private;
			sourceTree = "<group>";
		};
		9F201EE62BB6712300BA818A /* Math */ = {
			isa = PBXGroup;
			children = (
				9F201EE72BB6713F00BA818A /* AAMath.m */,
			);
			path = Math;
			sourceTree = "<group>";
		};
		9F201EE92BB688DA00BA818A /* Resources */ = {
			isa = PBXGroup;
			children = (
				9F201EEA2BB6891600BA818A /* plane */,
			);
			path = Resources;
			sourceTree = "<group>";
		};
		9F201EEA2BB6891600BA818A /* plane */ = {
			isa = PBXGroup;
			children = (
				9F201EEB2BB6891600BA818A /* plane.png */,
				9F201EEC2BB6891600BA818A /* plane.obj */,
				9F201EED2BB6891600BA818A /* plane.mtl */,
			);
			path = plane;
			sourceTree = "<group>";
		};
		9F201EF32BB68D2700BA818A /* Shaders */ = {
			isa = PBXGroup;
			children = (
				9F201EF42BB68D5A00BA818A /* Basic.metal */,
			);
			path = Shaders;
			sourceTree = "<group>";
		};
/* End PBXGroup section */

/* Begin PBXNativeTarget section */
		9F1326972BB27DD70000E108 /* AAEngine-Demo */ = {
			isa = PBXNativeTarget;
			buildConfigurationList = 9F1326AB2BB27DD90000E108 /* Build configuration list for PBXNativeTarget "AAEngine-Demo" */;
			buildPhases = (
				9F1326942BB27DD70000E108 /* Sources */,
				9F1326952BB27DD70000E108 /* Frameworks */,
				9F1326962BB27DD70000E108 /* Resources */,
			);
			buildRules = (
			);
			dependencies = (
			);
			name = "AAEngine-Demo";
			productName = "AAEngine-Demo";
			productReference = 9F1326982BB27DD70000E108 /* AAEngine-Demo.app */;
			productType = "com.apple.product-type.application";
		};
/* End PBXNativeTarget section */

/* Begin PBXProject section */
		9F1326902BB27DD70000E108 /* Project object */ = {
			isa = PBXProject;
			attributes = {
				BuildIndependentTargetsInParallel = 1;
				LastUpgradeCheck = 1510;
				TargetAttributes = {
					9F1326972BB27DD70000E108 = {
						CreatedOnToolsVersion = 15.1;
					};
				};
			};
			buildConfigurationList = 9F1326932BB27DD70000E108 /* Build configuration list for PBXProject "AAEngine-Demo" */;
			compatibilityVersion = "Xcode 14.0";
			developmentRegion = en;
			hasScannedForEncodings = 0;
			knownRegions = (
				en,
				Base,
			);
			mainGroup = 9F13268F2BB27DD70000E108;
			productRefGroup = 9F1326992BB27DD70000E108 /* Products */;
			projectDirPath = "";
			projectRoot = "";
			targets = (
				9F1326972BB27DD70000E108 /* AAEngine-Demo */,
			);
		};
/* End PBXProject section */

/* Begin PBXResourcesBuildPhase section */
		9F1326962BB27DD70000E108 /* Resources */ = {
			isa = PBXResourcesBuildPhase;
			buildActionMask = 2147483647;
			files = (
				9F1326A22BB27DD90000E108 /* Assets.xcassets in Resources */,
				9F1326A52BB27DD90000E108 /* Main.storyboard in Resources */,
				9F201EF02BB6891600BA818A /* plane.mtl in Resources */,
				9F201EEF2BB6891600BA818A /* plane.obj in Resources */,
				9F201EEE2BB6891600BA818A /* plane.png in Resources */,
			);
			runOnlyForDeploymentPostprocessing = 0;
		};
/* End PBXResourcesBuildPhase section */

/* Begin PBXSourcesBuildPhase section */
		9F1326942BB27DD70000E108 /* Sources */ = {
			isa = PBXSourcesBuildPhase;
			buildActionMask = 2147483647;
			files = (
				9F1326A02BB27DD70000E108 /* ViewController.m in Sources */,
				9F201EE42BB59C3B00BA818A /* AACamera.m in Sources */,
				9F201EF52BB68D5A00BA818A /* Basic.metal in Sources */,
				9F201EDE2BB3FAAE00BA818A /* AAModel.m in Sources */,
				9F201EF22BB68A8C00BA818A /* AAAssetManager.m in Sources */,
				9F201ED92BB3F71800BA818A /* AAEngine.m in Sources */,
				9F1326A72BB27DD90000E108 /* main.m in Sources */,
				9F201EE12BB594C700BA818A /* AAScene.m in Sources */,
				9F13269D2BB27DD70000E108 /* AppDelegate.m in Sources */,
				9F201EE82BB6713F00BA818A /* AAMath.m in Sources */,
			);
			runOnlyForDeploymentPostprocessing = 0;
		};
/* End PBXSourcesBuildPhase section */

/* Begin PBXVariantGroup section */
		9F1326A32BB27DD90000E108 /* Main.storyboard */ = {
			isa = PBXVariantGroup;
			children = (
				9F1326A42BB27DD90000E108 /* Base */,
			);
			name = Main.storyboard;
			sourceTree = "<group>";
		};
/* End PBXVariantGroup section */

/* Begin XCBuildConfiguration section */
		9F1326A92BB27DD90000E108 /* Debug */ = {
			isa = XCBuildConfiguration;
			buildSettings = {
				ALWAYS_SEARCH_USER_PATHS = NO;
				ASSETCATALOG_COMPILER_GENERATE_SWIFT_ASSET_SYMBOL_EXTENSIONS = YES;
				CLANG_ANALYZER_NONNULL = YES;
				CLANG_ANALYZER_NUMBER_OBJECT_CONVERSION = YES_AGGRESSIVE;
				CLANG_CXX_LANGUAGE_STANDARD = "gnu++20";
				CLANG_ENABLE_MODULES = YES;
				CLANG_ENABLE_OBJC_ARC = YES;
				CLANG_ENABLE_OBJC_WEAK = YES;
				CLANG_WARN_BLOCK_CAPTURE_AUTORELEASING = YES;
				CLANG_WARN_BOOL_CONVERSION = YES;
				CLANG_WARN_COMMA = YES;
				CLANG_WARN_CONSTANT_CONVERSION = YES;
				CLANG_WARN_DEPRECATED_OBJC_IMPLEMENTATIONS = YES;
				CLANG_WARN_DIRECT_OBJC_ISA_USAGE = YES_ERROR;
				CLANG_WARN_DOCUMENTATION_COMMENTS = YES;
				CLANG_WARN_EMPTY_BODY = YES;
				CLANG_WARN_ENUM_CONVERSION = YES;
				CLANG_WARN_INFINITE_RECURSION = YES;
				CLANG_WARN_INT_CONVERSION = YES;
				CLANG_WARN_NON_LITERAL_NULL_CONVERSION = YES;
				CLANG_WARN_OBJC_IMPLICIT_RETAIN_SELF = YES;
				CLANG_WARN_OBJC_LITERAL_CONVERSION = YES;
				CLANG_WARN_OBJC_ROOT_CLASS = YES_ERROR;
				CLANG_WARN_QUOTED_INCLUDE_IN_FRAMEWORK_HEADER = YES;
				CLANG_WARN_RANGE_LOOP_ANALYSIS = YES;
				CLANG_WARN_STRICT_PROTOTYPES = YES;
				CLANG_WARN_SUSPICIOUS_MOVE = YES;
				CLANG_WARN_UNGUARDED_AVAILABILITY = YES_AGGRESSIVE;
				CLANG_WARN_UNREACHABLE_CODE = YES;
				CLANG_WARN__DUPLICATE_METHOD_MATCH = YES;
				COPY_PHASE_STRIP = NO;
				DEBUG_INFORMATION_FORMAT = dwarf;
				ENABLE_STRICT_OBJC_MSGSEND = YES;
				ENABLE_TESTABILITY = YES;
				ENABLE_USER_SCRIPT_SANDBOXING = YES;
				GCC_C_LANGUAGE_STANDARD = gnu17;
				GCC_DYNAMIC_NO_PIC = NO;
				GCC_NO_COMMON_BLOCKS = YES;
				GCC_OPTIMIZATION_LEVEL = 0;
				GCC_PREPROCESSOR_DEFINITIONS = (
					"DEBUG=1",
					"$(inherited)",
				);
				GCC_WARN_64_TO_32_BIT_CONVERSION = YES;
				GCC_WARN_ABOUT_RETURN_TYPE = YES_ERROR;
				GCC_WARN_UNDECLARED_SELECTOR = YES;
				GCC_WARN_UNINITIALIZED_AUTOS = YES_AGGRESSIVE;
				GCC_WARN_UNUSED_FUNCTION = YES;
				GCC_WARN_UNUSED_VARIABLE = YES;
				LOCALIZATION_PREFERS_STRING_CATALOGS = YES;
				MACOSX_DEPLOYMENT_TARGET = 13.5;
				MTL_ENABLE_DEBUG_INFO = INCLUDE_SOURCE;
				MTL_FAST_MATH = YES;
				ONLY_ACTIVE_ARCH = YES;
				SDKROOT = macosx;
			};
			name = Debug;
		};
		9F1326AA2BB27DD90000E108 /* Release */ = {
			isa = XCBuildConfiguration;
			buildSettings = {
				ALWAYS_SEARCH_USER_PATHS = NO;
				ASSETCATALOG_COMPILER_GENERATE_SWIFT_ASSET_SYMBOL_EXTENSIONS = YES;
				CLANG_ANALYZER_NONNULL = YES;
				CLANG_ANALYZER_NUMBER_OBJECT_CONVERSION = YES_AGGRESSIVE;
				CLANG_CXX_LANGUAGE_STANDARD = "gnu++20";
				CLANG_ENABLE_MODULES = YES;
				CLANG_ENABLE_OBJC_ARC = YES;
				CLANG_ENABLE_OBJC_WEAK = YES;
				CLANG_WARN_BLOCK_CAPTURE_AUTORELEASING = YES;
				CLANG_WARN_BOOL_CONVERSION = YES;
				CLANG_WARN_COMMA = YES;
				CLANG_WARN_CONSTANT_CONVERSION = YES;
				CLANG_WARN_DEPRECATED_OBJC_IMPLEMENTATIONS = YES;
				CLANG_WARN_DIRECT_OBJC_ISA_USAGE = YES_ERROR;
				CLANG_WARN_DOCUMENTATION_COMMENTS = YES;
				CLANG_WARN_EMPTY_BODY = YES;
				CLANG_WARN_ENUM_CONVERSION = YES;
				CLANG_WARN_INFINITE_RECURSION = YES;
				CLANG_WARN_INT_CONVERSION = YES;
				CLANG_WARN_NON_LITERAL_NULL_CONVERSION = YES;
				CLANG_WARN_OBJC_IMPLICIT_RETAIN_SELF = YES;
				CLANG_WARN_OBJC_LITERAL_CONVERSION = YES;
				CLANG_WARN_OBJC_ROOT_CLASS = YES_ERROR;
				CLANG_WARN_QUOTED_INCLUDE_IN_FRAMEWORK_HEADER = YES;
				CLANG_WARN_RANGE_LOOP_ANALYSIS = YES;
				CLANG_WARN_STRICT_PROTOTYPES = YES;
				CLANG_WARN_SUSPICIOUS_MOVE = YES;
				CLANG_WARN_UNGUARDED_AVAILABILITY = YES_AGGRESSIVE;
				CLANG_WARN_UNREACHABLE_CODE = YES;
				CLANG_WARN__DUPLICATE_METHOD_MATCH = YES;
				COPY_PHASE_STRIP = NO;
				DEBUG_INFORMATION_FORMAT = "dwarf-with-dsym";
				ENABLE_NS_ASSERTIONS = NO;
				ENABLE_STRICT_OBJC_MSGSEND = YES;
				ENABLE_USER_SCRIPT_SANDBOXING = YES;
				GCC_C_LANGUAGE_STANDARD = gnu17;
				GCC_NO_COMMON_BLOCKS = YES;
				GCC_WARN_64_TO_32_BIT_CONVERSION = YES;
				GCC_WARN_ABOUT_RETURN_TYPE = YES_ERROR;
				GCC_WARN_UNDECLARED_SELECTOR = YES;
				GCC_WARN_UNINITIALIZED_AUTOS = YES_AGGRESSIVE;
				GCC_WARN_UNUSED_FUNCTION = YES;
				GCC_WARN_UNUSED_VARIABLE = YES;
				LOCALIZATION_PREFERS_STRING_CATALOGS = YES;
				MACOSX_DEPLOYMENT_TARGET = 13.5;
				MTL_ENABLE_DEBUG_INFO = NO;
				MTL_FAST_MATH = YES;
				SDKROOT = macosx;
			};
			name = Release;
		};
		9F1326AC2BB27DD90000E108 /* Debug */ = {
			isa = XCBuildConfiguration;
			buildSettings = {
				ASSETCATALOG_COMPILER_APPICON_NAME = AppIcon;
				ASSETCATALOG_COMPILER_GLOBAL_ACCENT_COLOR_NAME = AccentColor;
				CODE_SIGN_ENTITLEMENTS = "AAEngine-Demo/AAEngine_Demo.entitlements";
				CODE_SIGN_STYLE = Automatic;
				COMBINE_HIDPI_IMAGES = YES;
				CURRENT_PROJECT_VERSION = 1;
				GENERATE_INFOPLIST_FILE = YES;
				INFOPLIST_KEY_NSHumanReadableCopyright = "";
				INFOPLIST_KEY_NSMainStoryboardFile = Main;
				INFOPLIST_KEY_NSPrincipalClass = NSApplication;
				LD_RUNPATH_SEARCH_PATHS = (
					"$(inherited)",
					"@executable_path/../Frameworks",
				);
				MARKETING_VERSION = 1.0;
				PRODUCT_BUNDLE_IDENTIFIER = "allen0828.AAEngine-Demo";
				PRODUCT_NAME = "$(TARGET_NAME)";
				SWIFT_EMIT_LOC_STRINGS = YES;
			};
			name = Debug;
		};
		9F1326AD2BB27DD90000E108 /* Release */ = {
			isa = XCBuildConfiguration;
			buildSettings = {
				ASSETCATALOG_COMPILER_APPICON_NAME = AppIcon;
				ASSETCATALOG_COMPILER_GLOBAL_ACCENT_COLOR_NAME = AccentColor;
				CODE_SIGN_ENTITLEMENTS = "AAEngine-Demo/AAEngine_Demo.entitlements";
				CODE_SIGN_STYLE = Automatic;
				COMBINE_HIDPI_IMAGES = YES;
				CURRENT_PROJECT_VERSION = 1;
				GENERATE_INFOPLIST_FILE = YES;
				INFOPLIST_KEY_NSHumanReadableCopyright = "";
				INFOPLIST_KEY_NSMainStoryboardFile = Main;
				INFOPLIST_KEY_NSPrincipalClass = NSApplication;
				LD_RUNPATH_SEARCH_PATHS = (
					"$(inherited)",
					"@executable_path/../Frameworks",
				);
				MARKETING_VERSION = 1.0;
				PRODUCT_BUNDLE_IDENTIFIER = "allen0828.AAEngine-Demo";
				PRODUCT_NAME = "$(TARGET_NAME)";
				SWIFT_EMIT_LOC_STRINGS = YES;
			};
			name = Release;
		};
/* End XCBuildConfiguration section */

/* Begin XCConfigurationList section */
		9F1326932BB27DD70000E108 /* Build configuration list for PBXProject "AAEngine-Demo" */ = {
			isa = XCConfigurationList;
			buildConfigurations = (
				9F1326A92BB27DD90000E108 /* Debug */,
				9F1326AA2BB27DD90000E108 /* Release */,
			);
			defaultConfigurationIsVisible = 0;
			defaultConfigurationName = Release;
		};
		9F1326AB2BB27DD90000E108 /* Build configuration list for PBXNativeTarget "AAEngine-Demo" */ = {
			isa = XCConfigurationList;
			buildConfigurations = (
				9F1326AC2BB27DD90000E108 /* Debug */,
				9F1326AD2BB27DD90000E108 /* Release */,
			);
			defaultConfigurationIsVisible = 0;
			defaultConfigurationName = Release;
		};
/* End XCConfigurationList section */
	};
	rootObject = 9F1326902BB27DD70000E108 /* Project object */;
}
