// !$*UTF8*$!
{
	archiveVersion = 1;
	classes = {
	};
	objectVersion = 56;
	objects = {

/* Begin PBXBuildFile section */
		9F13269D2BB27DD70000E108 /* AppDelegate.m in Sources */ = {isa = PBXBuildFile; fileRef = 9F13269C2BB27DD70000E108 /* AppDelegate.m */; };
		9F1326A02BB27DD70000E108 /* ViewController.m in Sources */ = {isa = PBXBuildFile; fileRef = 9F13269F2BB27DD70000E108 /* ViewController.m */; };
		9F1326A22BB27DD90000E108 /* Assets.xcassets in Resources */ = {isa = PBXBuildFile; fileRef = 9F1326A12BB27DD90000E108 /* Assets.xcassets */; };
		9F1326A52BB27DD90000E108 /* Main.storyboard in Resources */ = {isa = PBXBuildFile; fileRef = 9F1326A32BB27DD90000E108 /* Main.storyboard */; };
		9F1326A72BB27DD90000E108 /* main.m in Sources */ = {isa = PBXBuildFile; fileRef = 9F1326A62BB27DD90000E108 /* main.m */; };
		9F6630BB2BD67C9E007DBAED /* dalihua2.png in Resources */ = {isa = PBXBuildFile; fileRef = 9F6630BA2BD67C9E007DBAED /* dalihua2.png */; };
		9F6630BC2BD67C9E007DBAED /* dalihua2.png in Resources */ = {isa = PBXBuildFile; fileRef = 9F6630BA2BD67C9E007DBAED /* dalihua2.png */; };
		9F6630C02BD75856007DBAED /* AACamera.m in Sources */ = {isa = PBXBuildFile; fileRef = 9F6630BF2BD75856007DBAED /* AACamera.m */; };
		9F6630C12BD75856007DBAED /* AACamera.m in Sources */ = {isa = PBXBuildFile; fileRef = 9F6630BF2BD75856007DBAED /* AACamera.m */; };
		9F6630C52BD75BA6007DBAED /* AATransform.m in Sources */ = {isa = PBXBuildFile; fileRef = 9F6630C42BD75BA6007DBAED /* AATransform.m */; };
		9F6630C62BD75BA6007DBAED /* AATransform.m in Sources */ = {isa = PBXBuildFile; fileRef = 9F6630C42BD75BA6007DBAED /* AATransform.m */; };
		9F6630C92BD762CB007DBAED /* AAInputSystem.m in Sources */ = {isa = PBXBuildFile; fileRef = 9F6630C82BD762CB007DBAED /* AAInputSystem.m */; };
		9F6630CA2BD762CB007DBAED /* AAInputSystem.m in Sources */ = {isa = PBXBuildFile; fileRef = 9F6630C82BD762CB007DBAED /* AAInputSystem.m */; };
		9F9032F62BBD4FD500912FDB /* AppDelegate.m in Sources */ = {isa = PBXBuildFile; fileRef = 9F9032F52BBD4FD500912FDB /* AppDelegate.m */; };
		9F9032F92BBD4FD500912FDB /* SceneDelegate.m in Sources */ = {isa = PBXBuildFile; fileRef = 9F9032F82BBD4FD500912FDB /* SceneDelegate.m */; };
		9F9032FC2BBD4FD500912FDB /* ViewController.m in Sources */ = {isa = PBXBuildFile; fileRef = 9F9032FB2BBD4FD500912FDB /* ViewController.m */; };
		9F9032FF2BBD4FD500912FDB /* Main.storyboard in Resources */ = {isa = PBXBuildFile; fileRef = 9F9032FD2BBD4FD500912FDB /* Main.storyboard */; };
		9F9033012BBD4FD700912FDB /* Assets.xcassets in Resources */ = {isa = PBXBuildFile; fileRef = 9F9033002BBD4FD700912FDB /* Assets.xcassets */; };
		9F9033042BBD4FD700912FDB /* LaunchScreen.storyboard in Resources */ = {isa = PBXBuildFile; fileRef = 9F9033022BBD4FD700912FDB /* LaunchScreen.storyboard */; };
		9F9033072BBD4FD700912FDB /* main.m in Sources */ = {isa = PBXBuildFile; fileRef = 9F9033062BBD4FD700912FDB /* main.m */; };
		9F9033172BBD515E00912FDB /* plane.png in Resources */ = {isa = PBXBuildFile; fileRef = 9F9033142BBD515E00912FDB /* plane.png */; };
		9F9033182BBD515E00912FDB /* plane.png in Resources */ = {isa = PBXBuildFile; fileRef = 9F9033142BBD515E00912FDB /* plane.png */; };
		9F9033192BBD515E00912FDB /* plane.obj in Resources */ = {isa = PBXBuildFile; fileRef = 9F9033152BBD515E00912FDB /* plane.obj */; };
		9F90331A2BBD515E00912FDB /* plane.obj in Resources */ = {isa = PBXBuildFile; fileRef = 9F9033152BBD515E00912FDB /* plane.obj */; };
		9F90331B2BBD515E00912FDB /* plane.mtl in Resources */ = {isa = PBXBuildFile; fileRef = 9F9033162BBD515E00912FDB /* plane.mtl */; };
		9F90331C2BBD515E00912FDB /* plane.mtl in Resources */ = {isa = PBXBuildFile; fileRef = 9F9033162BBD515E00912FDB /* plane.mtl */; };
		9F90336E2BBFF88C00912FDB /* house.obj in Resources */ = {isa = PBXBuildFile; fileRef = 9F90336B2BBFF88C00912FDB /* house.obj */; };
		9F90336F2BBFF88C00912FDB /* house.obj in Resources */ = {isa = PBXBuildFile; fileRef = 9F90336B2BBFF88C00912FDB /* house.obj */; };
		9F9033722BBFF88C00912FDB /* house.mtl in Resources */ = {isa = PBXBuildFile; fileRef = 9F90336D2BBFF88C00912FDB /* house.mtl */; };
		9F9033732BBFF88C00912FDB /* house.mtl in Resources */ = {isa = PBXBuildFile; fileRef = 9F90336D2BBFF88C00912FDB /* house.mtl */; };
		9FA717672BD9F15F00101E1F /* panorama_1.jpg in Resources */ = {isa = PBXBuildFile; fileRef = 9FA717662BD9F15F00101E1F /* panorama_1.jpg */; };
		9FA717682BD9F15F00101E1F /* panorama_1.jpg in Resources */ = {isa = PBXBuildFile; fileRef = 9FA717662BD9F15F00101E1F /* panorama_1.jpg */; };
		9FA7176A2BD9F3C800101E1F /* panorama_2.jpg in Resources */ = {isa = PBXBuildFile; fileRef = 9FA717692BD9F3C700101E1F /* panorama_2.jpg */; };
		9FA7176B2BD9F3C800101E1F /* panorama_2.jpg in Resources */ = {isa = PBXBuildFile; fileRef = 9FA717692BD9F3C700101E1F /* panorama_2.jpg */; };
		9FA717712BDA708F00101E1F /* lines.png in Resources */ = {isa = PBXBuildFile; fileRef = 9FA717702BDA708F00101E1F /* lines.png */; };
		9FA717722BDA708F00101E1F /* lines.png in Resources */ = {isa = PBXBuildFile; fileRef = 9FA717702BDA708F00101E1F /* lines.png */; };
		9FCCC6622BD63E190030D066 /* AARenderer.m in Sources */ = {isa = PBXBuildFile; fileRef = 9FCCC6612BD63E190030D066 /* AARenderer.m */; };
		9FCCC6652BD63EAB0030D066 /* AAPanoramaScene.m in Sources */ = {isa = PBXBuildFile; fileRef = 9FCCC6642BD63EAB0030D066 /* AAPanoramaScene.m */; };
		9FCCC6662BD63EAF0030D066 /* AAPanoramaScene.m in Sources */ = {isa = PBXBuildFile; fileRef = 9FCCC6642BD63EAB0030D066 /* AAPanoramaScene.m */; };
		9FCCC6672BD63EB20030D066 /* AARenderer.m in Sources */ = {isa = PBXBuildFile; fileRef = 9FCCC6612BD63E190030D066 /* AARenderer.m */; };
		9FCCC66B2BD644340030D066 /* AAMath.m in Sources */ = {isa = PBXBuildFile; fileRef = 9FCCC66A2BD644340030D066 /* AAMath.m */; };
		9FCCC66F2BD6446D0030D066 /* AASphere.m in Sources */ = {isa = PBXBuildFile; fileRef = 9FCCC66E2BD6446D0030D066 /* AASphere.m */; };
		9FCCC6702BD64C170030D066 /* AASphere.m in Sources */ = {isa = PBXBuildFile; fileRef = 9FCCC66E2BD6446D0030D066 /* AASphere.m */; };
		9FCCC6712BD64C3A0030D066 /* AAMath.m in Sources */ = {isa = PBXBuildFile; fileRef = 9FCCC66A2BD644340030D066 /* AAMath.m */; };
		9FF0A9152BCD065200E60D2F /* floorNormal-mipmap.png in Resources */ = {isa = PBXBuildFile; fileRef = 9FF0A9142BCD065200E60D2F /* floorNormal-mipmap.png */; };
		9FF0A9162BCD065200E60D2F /* floorNormal-mipmap.png in Resources */ = {isa = PBXBuildFile; fileRef = 9FF0A9142BCD065200E60D2F /* floorNormal-mipmap.png */; };
/* End PBXBuildFile section */

/* Begin PBXFileReference section */
		9F1326982BB27DD70000E108 /* AAEngine-Demo.app */ = {isa = PBXFileReference; explicitFileType = wrapper.application; includeInIndex = 0; path = "AAEngine-Demo.app"; sourceTree = BUILT_PRODUCTS_DIR; };
		9F13269B2BB27DD70000E108 /* AppDelegate.h */ = {isa = PBXFileReference; lastKnownFileType = sourcecode.c.h; path = AppDelegate.h; sourceTree = "<group>"; };
		9F13269C2BB27DD70000E108 /* AppDelegate.m */ = {isa = PBXFileReference; lastKnownFileType = sourcecode.c.objc; path = AppDelegate.m; sourceTree = "<group>"; };
		9F13269E2BB27DD70000E108 /* ViewController.h */ = {isa = PBXFileReference; lastKnownFileType = sourcecode.c.h; path = ViewController.h; sourceTree = "<group>"; };
		9F13269F2BB27DD70000E108 /* ViewController.m */ = {isa = PBXFileReference; lastKnownFileType = sourcecode.c.objc; path = ViewController.m; sourceTree = "<group>"; };
		9F1326A12BB27DD90000E108 /* Assets.xcassets */ = {isa = PBXFileReference; lastKnownFileType = folder.assetcatalog; path = Assets.xcassets; sourceTree = "<group>"; };
		9F1326A42BB27DD90000E108 /* Base */ = {isa = PBXFileReference; lastKnownFileType = file.storyboard; name = Base; path = Base.lproj/Main.storyboard; sourceTree = "<group>"; };
		9F1326A62BB27DD90000E108 /* main.m */ = {isa = PBXFileReference; lastKnownFileType = sourcecode.c.objc; path = main.m; sourceTree = "<group>"; };
		9F1326A82BB27DD90000E108 /* AAEngine_Demo.entitlements */ = {isa = PBXFileReference; lastKnownFileType = text.plist.entitlements; path = AAEngine_Demo.entitlements; sourceTree = "<group>"; };
		9F6630BA2BD67C9E007DBAED /* dalihua2.png */ = {isa = PBXFileReference; lastKnownFileType = image.png; path = dalihua2.png; sourceTree = "<group>"; };
		9F6630BE2BD75856007DBAED /* AACamera.h */ = {isa = PBXFileReference; lastKnownFileType = sourcecode.c.h; path = AACamera.h; sourceTree = "<group>"; };
		9F6630BF2BD75856007DBAED /* AACamera.m */ = {isa = PBXFileReference; lastKnownFileType = sourcecode.c.objc; path = AACamera.m; sourceTree = "<group>"; };
		9F6630C32BD75BA6007DBAED /* AATransform.h */ = {isa = PBXFileReference; lastKnownFileType = sourcecode.c.h; path = AATransform.h; sourceTree = "<group>"; };
		9F6630C42BD75BA6007DBAED /* AATransform.m */ = {isa = PBXFileReference; lastKnownFileType = sourcecode.c.objc; path = AATransform.m; sourceTree = "<group>"; };
		9F6630C72BD762CB007DBAED /* AAInputSystem.h */ = {isa = PBXFileReference; lastKnownFileType = sourcecode.c.h; path = AAInputSystem.h; sourceTree = "<group>"; };
		9F6630C82BD762CB007DBAED /* AAInputSystem.m */ = {isa = PBXFileReference; lastKnownFileType = sourcecode.c.objc; path = AAInputSystem.m; sourceTree = "<group>"; };
		9F9032F22BBD4FD500912FDB /* AAEngine-iOS-Demo.app */ = {isa = PBXFileReference; explicitFileType = wrapper.application; includeInIndex = 0; path = "AAEngine-iOS-Demo.app"; sourceTree = BUILT_PRODUCTS_DIR; };
		9F9032F42BBD4FD500912FDB /* AppDelegate.h */ = {isa = PBXFileReference; lastKnownFileType = sourcecode.c.h; path = AppDelegate.h; sourceTree = "<group>"; };
		9F9032F52BBD4FD500912FDB /* AppDelegate.m */ = {isa = PBXFileReference; lastKnownFileType = sourcecode.c.objc; path = AppDelegate.m; sourceTree = "<group>"; };
		9F9032F72BBD4FD500912FDB /* SceneDelegate.h */ = {isa = PBXFileReference; lastKnownFileType = sourcecode.c.h; path = SceneDelegate.h; sourceTree = "<group>"; };
		9F9032F82BBD4FD500912FDB /* SceneDelegate.m */ = {isa = PBXFileReference; lastKnownFileType = sourcecode.c.objc; path = SceneDelegate.m; sourceTree = "<group>"; };
		9F9032FA2BBD4FD500912FDB /* ViewController.h */ = {isa = PBXFileReference; lastKnownFileType = sourcecode.c.h; path = ViewController.h; sourceTree = "<group>"; };
		9F9032FB2BBD4FD500912FDB /* ViewController.m */ = {isa = PBXFileReference; lastKnownFileType = sourcecode.c.objc; path = ViewController.m; sourceTree = "<group>"; };
		9F9032FE2BBD4FD500912FDB /* Base */ = {isa = PBXFileReference; lastKnownFileType = file.storyboard; name = Base; path = Base.lproj/Main.storyboard; sourceTree = "<group>"; };
		9F9033002BBD4FD700912FDB /* Assets.xcassets */ = {isa = PBXFileReference; lastKnownFileType = folder.assetcatalog; path = Assets.xcassets; sourceTree = "<group>"; };
		9F9033032BBD4FD700912FDB /* Base */ = {isa = PBXFileReference; lastKnownFileType = file.storyboard; name = Base; path = Base.lproj/LaunchScreen.storyboard; sourceTree = "<group>"; };
		9F9033052BBD4FD700912FDB /* Info.plist */ = {isa = PBXFileReference; lastKnownFileType = text.plist.xml; path = Info.plist; sourceTree = "<group>"; };
		9F9033062BBD4FD700912FDB /* main.m */ = {isa = PBXFileReference; lastKnownFileType = sourcecode.c.objc; path = main.m; sourceTree = "<group>"; };
		9F9033142BBD515E00912FDB /* plane.png */ = {isa = PBXFileReference; lastKnownFileType = image.png; path = plane.png; sourceTree = "<group>"; };
		9F9033152BBD515E00912FDB /* plane.obj */ = {isa = PBXFileReference; fileEncoding = 4; lastKnownFileType = text; path = plane.obj; sourceTree = "<group>"; };
		9F9033162BBD515E00912FDB /* plane.mtl */ = {isa = PBXFileReference; fileEncoding = 4; lastKnownFileType = text; path = plane.mtl; sourceTree = "<group>"; };
		9F90336B2BBFF88C00912FDB /* house.obj */ = {isa = PBXFileReference; fileEncoding = 4; lastKnownFileType = text; path = house.obj; sourceTree = "<group>"; };
		9F90336D2BBFF88C00912FDB /* house.mtl */ = {isa = PBXFileReference; fileEncoding = 4; lastKnownFileType = text; path = house.mtl; sourceTree = "<group>"; };
		9FA717662BD9F15F00101E1F /* panorama_1.jpg */ = {isa = PBXFileReference; lastKnownFileType = image.jpeg; path = panorama_1.jpg; sourceTree = "<group>"; };
		9FA717692BD9F3C700101E1F /* panorama_2.jpg */ = {isa = PBXFileReference; lastKnownFileType = image.jpeg; path = panorama_2.jpg; sourceTree = "<group>"; };
		9FA717702BDA708F00101E1F /* lines.png */ = {isa = PBXFileReference; lastKnownFileType = image.png; path = lines.png; sourceTree = "<group>"; };
		9FAEEF162BCE8DB90041C26B /* MetalKit.framework */ = {isa = PBXFileReference; lastKnownFileType = wrapper.framework; name = MetalKit.framework; path = System/Library/Frameworks/MetalKit.framework; sourceTree = SDKROOT; };
		9FCCC6602BD63E190030D066 /* AARenderer.h */ = {isa = PBXFileReference; lastKnownFileType = sourcecode.c.h; path = AARenderer.h; sourceTree = "<group>"; };
		9FCCC6612BD63E190030D066 /* AARenderer.m */ = {isa = PBXFileReference; lastKnownFileType = sourcecode.c.objc; path = AARenderer.m; sourceTree = "<group>"; };
		9FCCC6632BD63EAB0030D066 /* AAPanoramaScene.h */ = {isa = PBXFileReference; lastKnownFileType = sourcecode.c.h; path = AAPanoramaScene.h; sourceTree = "<group>"; };
		9FCCC6642BD63EAB0030D066 /* AAPanoramaScene.m */ = {isa = PBXFileReference; lastKnownFileType = sourcecode.c.objc; path = AAPanoramaScene.m; sourceTree = "<group>"; };
		9FCCC6692BD644340030D066 /* AAMath.h */ = {isa = PBXFileReference; lastKnownFileType = sourcecode.c.h; path = AAMath.h; sourceTree = "<group>"; };
		9FCCC66A2BD644340030D066 /* AAMath.m */ = {isa = PBXFileReference; lastKnownFileType = sourcecode.c.objc; path = AAMath.m; sourceTree = "<group>"; };
		9FCCC66D2BD6446D0030D066 /* AASphere.h */ = {isa = PBXFileReference; lastKnownFileType = sourcecode.c.h; path = AASphere.h; sourceTree = "<group>"; };
		9FCCC66E2BD6446D0030D066 /* AASphere.m */ = {isa = PBXFileReference; lastKnownFileType = sourcecode.c.objc; path = AASphere.m; sourceTree = "<group>"; };
		9FF0A9142BCD065200E60D2F /* floorNormal-mipmap.png */ = {isa = PBXFileReference; lastKnownFileType = image.png; path = "floorNormal-mipmap.png"; sourceTree = "<group>"; };
/* End PBXFileReference section */

/* Begin PBXFrameworksBuildPhase section */
		9F1326952BB27DD70000E108 /* Frameworks */ = {
			isa = PBXFrameworksBuildPhase;
			buildActionMask = 2147483647;
			files = (
			);
			runOnlyForDeploymentPostprocessing = 0;
		};
		9F9032EF2BBD4FD500912FDB /* Frameworks */ = {
			isa = PBXFrameworksBuildPhase;
			buildActionMask = 2147483647;
			files = (
			);
			runOnlyForDeploymentPostprocessing = 0;
		};
/* End PBXFrameworksBuildPhase section */

/* Begin PBXGroup section */
		9F13268F2BB27DD70000E108 = {
			isa = PBXGroup;
			children = (
				9F90331D2BBD530E00912FDB /* Source */,
				9F9033122BBD515E00912FDB /* Resources */,
				9F13269A2BB27DD70000E108 /* AAEngine-Demo */,
				9F9032F32BBD4FD500912FDB /* AAEngine-iOS-Demo */,
				9F1326992BB27DD70000E108 /* Products */,
				9FAEEF152BCE8DB90041C26B /* Frameworks */,
			);
			sourceTree = "<group>";
		};
		9F1326992BB27DD70000E108 /* Products */ = {
			isa = PBXGroup;
			children = (
				9F1326982BB27DD70000E108 /* AAEngine-Demo.app */,
				9F9032F22BBD4FD500912FDB /* AAEngine-iOS-Demo.app */,
			);
			name = Products;
			sourceTree = "<group>";
		};
		9F13269A2BB27DD70000E108 /* AAEngine-Demo */ = {
			isa = PBXGroup;
			children = (
				9F13269B2BB27DD70000E108 /* AppDelegate.h */,
				9F13269C2BB27DD70000E108 /* AppDelegate.m */,
				9F13269E2BB27DD70000E108 /* ViewController.h */,
				9F13269F2BB27DD70000E108 /* ViewController.m */,
				9F1326A12BB27DD90000E108 /* Assets.xcassets */,
				9F1326A32BB27DD90000E108 /* Main.storyboard */,
				9F1326A62BB27DD90000E108 /* main.m */,
				9F1326A82BB27DD90000E108 /* AAEngine_Demo.entitlements */,
			);
			path = "AAEngine-Demo";
			sourceTree = "<group>";
		};
		9F6630BD2BD75707007DBAED /* Camera */ = {
			isa = PBXGroup;
			children = (
				9F6630BE2BD75856007DBAED /* AACamera.h */,
			);
			path = Camera;
			sourceTree = "<group>";
		};
		9F6630C22BD75B89007DBAED /* Basic */ = {
			isa = PBXGroup;
			children = (
				9F6630C32BD75BA6007DBAED /* AATransform.h */,
			);
			path = Basic;
			sourceTree = "<group>";
		};
		9F9032F32BBD4FD500912FDB /* AAEngine-iOS-Demo */ = {
			isa = PBXGroup;
			children = (
				9F9032F42BBD4FD500912FDB /* AppDelegate.h */,
				9F9032F52BBD4FD500912FDB /* AppDelegate.m */,
				9F9032F72BBD4FD500912FDB /* SceneDelegate.h */,
				9F9032F82BBD4FD500912FDB /* SceneDelegate.m */,
				9F9032FA2BBD4FD500912FDB /* ViewController.h */,
				9F9032FB2BBD4FD500912FDB /* ViewController.m */,
				9F9032FD2BBD4FD500912FDB /* Main.storyboard */,
				9F9033002BBD4FD700912FDB /* Assets.xcassets */,
				9F9033022BBD4FD700912FDB /* LaunchScreen.storyboard */,
				9F9033052BBD4FD700912FDB /* Info.plist */,
				9F9033062BBD4FD700912FDB /* main.m */,
			);
			path = "AAEngine-iOS-Demo";
			sourceTree = "<group>";
		};
		9F9033122BBD515E00912FDB /* Resources */ = {
			isa = PBXGroup;
			children = (
				9FA717702BDA708F00101E1F /* lines.png */,
				9FA717692BD9F3C700101E1F /* panorama_2.jpg */,
				9FA717662BD9F15F00101E1F /* panorama_1.jpg */,
				9F6630BA2BD67C9E007DBAED /* dalihua2.png */,
				9F90336A2BBFF88C00912FDB /* house */,
				9F9033132BBD515E00912FDB /* plane */,
			);
			path = Resources;
			sourceTree = "<group>";
		};
		9F9033132BBD515E00912FDB /* plane */ = {
			isa = PBXGroup;
			children = (
				9F9033142BBD515E00912FDB /* plane.png */,
				9F9033152BBD515E00912FDB /* plane.obj */,
				9F9033162BBD515E00912FDB /* plane.mtl */,
			);
			path = plane;
			sourceTree = "<group>";
		};
		9F90331D2BBD530E00912FDB /* Source */ = {
			isa = PBXGroup;
			children = (
				9F90331E2BBD530E00912FDB /* AAEngine */,
				9F9033252BBD530E00912FDB /* private */,
			);
			name = Source;
			path = ../Source;
			sourceTree = "<group>";
		};
		9F90331E2BBD530E00912FDB /* AAEngine */ = {
			isa = PBXGroup;
			children = (
				9F6630C22BD75B89007DBAED /* Basic */,
				9F6630BD2BD75707007DBAED /* Camera */,
				9FCCC66C2BD644560030D066 /* Geometry */,
				9FCCC6682BD644180030D066 /* Tools */,
				9FCCC6602BD63E190030D066 /* AARenderer.h */,
				9FCCC6612BD63E190030D066 /* AARenderer.m */,
				9FCCC6632BD63EAB0030D066 /* AAPanoramaScene.h */,
				9FCCC6642BD63EAB0030D066 /* AAPanoramaScene.m */,
			);
			path = AAEngine;
			sourceTree = "<group>";
		};
		9F9033252BBD530E00912FDB /* private */ = {
			isa = PBXGroup;
			children = (
				9FA7176F2BDA3D0400101E1F /* Basic */,
				9FA7176E2BDA3CFB00101E1F /* Camera */,
				9FA7176D2BDA3CF000101E1F /* Geometry */,
				9F9033282BBD530E00912FDB /* Tools */,
				9F90332A2BBD530E00912FDB /* Shaders */,
			);
			path = private;
			sourceTree = "<group>";
		};
		9F9033282BBD530E00912FDB /* Tools */ = {
			isa = PBXGroup;
			children = (
				9F6630C82BD762CB007DBAED /* AAInputSystem.m */,
				9FCCC66A2BD644340030D066 /* AAMath.m */,
			);
			path = Tools;
			sourceTree = "<group>";
		};
		9F90332A2BBD530E00912FDB /* Shaders */ = {
			isa = PBXGroup;
			children = (
			);
			path = Shaders;
			sourceTree = "<group>";
		};
		9F90336A2BBFF88C00912FDB /* house */ = {
			isa = PBXGroup;
			children = (
				9FF0A9142BCD065200E60D2F /* floorNormal-mipmap.png */,
				9F90336B2BBFF88C00912FDB /* house.obj */,
				9F90336D2BBFF88C00912FDB /* house.mtl */,
			);
			path = house;
			sourceTree = "<group>";
		};
		9FA7176D2BDA3CF000101E1F /* Geometry */ = {
			isa = PBXGroup;
			children = (
				9FCCC66E2BD6446D0030D066 /* AASphere.m */,
			);
			path = Geometry;
			sourceTree = "<group>";
		};
		9FA7176E2BDA3CFB00101E1F /* Camera */ = {
			isa = PBXGroup;
			children = (
				9F6630BF2BD75856007DBAED /* AACamera.m */,
			);
			path = Camera;
			sourceTree = "<group>";
		};
		9FA7176F2BDA3D0400101E1F /* Basic */ = {
			isa = PBXGroup;
			children = (
				9F6630C42BD75BA6007DBAED /* AATransform.m */,
			);
			path = Basic;
			sourceTree = "<group>";
		};
		9FAEEF152BCE8DB90041C26B /* Frameworks */ = {
			isa = PBXGroup;
			children = (
				9FAEEF162BCE8DB90041C26B /* MetalKit.framework */,
			);
			name = Frameworks;
			sourceTree = "<group>";
		};
		9FCCC6682BD644180030D066 /* Tools */ = {
			isa = PBXGroup;
			children = (
				9FCCC6692BD644340030D066 /* AAMath.h */,
				9F6630C72BD762CB007DBAED /* AAInputSystem.h */,
			);
			path = Tools;
			sourceTree = "<group>";
		};
		9FCCC66C2BD644560030D066 /* Geometry */ = {
			isa = PBXGroup;
			children = (
				9FCCC66D2BD6446D0030D066 /* AASphere.h */,
			);
			path = Geometry;
			sourceTree = "<group>";
		};
/* End PBXGroup section */

/* Begin PBXNativeTarget section */
		9F1326972BB27DD70000E108 /* AAEngine-Demo */ = {
			isa = PBXNativeTarget;
			buildConfigurationList = 9F1326AB2BB27DD90000E108 /* Build configuration list for PBXNativeTarget "AAEngine-Demo" */;
			buildPhases = (
				9F1326942BB27DD70000E108 /* Sources */,
				9F1326952BB27DD70000E108 /* Frameworks */,
				9F1326962BB27DD70000E108 /* Resources */,
			);
			buildRules = (
			);
			dependencies = (
			);
			name = "AAEngine-Demo";
			productName = "AAEngine-Demo";
			productReference = 9F1326982BB27DD70000E108 /* AAEngine-Demo.app */;
			productType = "com.apple.product-type.application";
		};
		9F9032F12BBD4FD500912FDB /* AAEngine-iOS-Demo */ = {
			isa = PBXNativeTarget;
			buildConfigurationList = 9F90330A2BBD4FD700912FDB /* Build configuration list for PBXNativeTarget "AAEngine-iOS-Demo" */;
			buildPhases = (
				9F9032EE2BBD4FD500912FDB /* Sources */,
				9F9032EF2BBD4FD500912FDB /* Frameworks */,
				9F9032F02BBD4FD500912FDB /* Resources */,
			);
			buildRules = (
			);
			dependencies = (
			);
			name = "AAEngine-iOS-Demo";
			productName = "AAEngine-iOS-Demo";
			productReference = 9F9032F22BBD4FD500912FDB /* AAEngine-iOS-Demo.app */;
			productType = "com.apple.product-type.application";
		};
/* End PBXNativeTarget section */

/* Begin PBXProject section */
		9F1326902BB27DD70000E108 /* Project object */ = {
			isa = PBXProject;
			attributes = {
				BuildIndependentTargetsInParallel = 1;
				LastUpgradeCheck = 1510;
				TargetAttributes = {
					9F1326972BB27DD70000E108 = {
						CreatedOnToolsVersion = 15.1;
					};
					9F9032F12BBD4FD500912FDB = {
						CreatedOnToolsVersion = 15.1;
					};
				};
			};
			buildConfigurationList = 9F1326932BB27DD70000E108 /* Build configuration list for PBXProject "AAEngine-Demo" */;
			compatibilityVersion = "Xcode 14.0";
			developmentRegion = en;
			hasScannedForEncodings = 0;
			knownRegions = (
				en,
				Base,
			);
			mainGroup = 9F13268F2BB27DD70000E108;
			productRefGroup = 9F1326992BB27DD70000E108 /* Products */;
			projectDirPath = "";
			projectRoot = "";
			targets = (
				9F1326972BB27DD70000E108 /* AAEngine-Demo */,
				9F9032F12BBD4FD500912FDB /* AAEngine-iOS-Demo */,
			);
		};
/* End PBXProject section */

/* Begin PBXResourcesBuildPhase section */
		9F1326962BB27DD70000E108 /* Resources */ = {
			isa = PBXResourcesBuildPhase;
			buildActionMask = 2147483647;
			files = (
				9F9033722BBFF88C00912FDB /* house.mtl in Resources */,
				9F1326A22BB27DD90000E108 /* Assets.xcassets in Resources */,
				9F1326A52BB27DD90000E108 /* Main.storyboard in Resources */,
				9F90331B2BBD515E00912FDB /* plane.mtl in Resources */,
				9F9033192BBD515E00912FDB /* plane.obj in Resources */,
				9FA717672BD9F15F00101E1F /* panorama_1.jpg in Resources */,
				9FF0A9152BCD065200E60D2F /* floorNormal-mipmap.png in Resources */,
				9F6630BB2BD67C9E007DBAED /* dalihua2.png in Resources */,
				9FA7176A2BD9F3C800101E1F /* panorama_2.jpg in Resources */,
				9F90336E2BBFF88C00912FDB /* house.obj in Resources */,
				9F9033172BBD515E00912FDB /* plane.png in Resources */,
				9FA717712BDA708F00101E1F /* lines.png in Resources */,
			);
			runOnlyForDeploymentPostprocessing = 0;
		};
		9F9032F02BBD4FD500912FDB /* Resources */ = {
			isa = PBXResourcesBuildPhase;
			buildActionMask = 2147483647;
			files = (
				9F9033182BBD515E00912FDB /* plane.png in Resources */,
				9FF0A9162BCD065200E60D2F /* floorNormal-mipmap.png in Resources */,
				9F9033732BBFF88C00912FDB /* house.mtl in Resources */,
				9F6630BC2BD67C9E007DBAED /* dalihua2.png in Resources */,
				9F9033042BBD4FD700912FDB /* LaunchScreen.storyboard in Resources */,
				9F90331C2BBD515E00912FDB /* plane.mtl in Resources */,
				9F90331A2BBD515E00912FDB /* plane.obj in Resources */,
				9FA717682BD9F15F00101E1F /* panorama_1.jpg in Resources */,
				9FA717722BDA708F00101E1F /* lines.png in Resources */,
				9F9033012BBD4FD700912FDB /* Assets.xcassets in Resources */,
				9FA7176B2BD9F3C800101E1F /* panorama_2.jpg in Resources */,
				9F90336F2BBFF88C00912FDB /* house.obj in Resources */,
				9F9032FF2BBD4FD500912FDB /* Main.storyboard in Resources */,
			);
			runOnlyForDeploymentPostprocessing = 0;
		};
/* End PBXResourcesBuildPhase section */

/* Begin PBXSourcesBuildPhase section */
		9F1326942BB27DD70000E108 /* Sources */ = {
			isa = PBXSourcesBuildPhase;
			buildActionMask = 2147483647;
			files = (
				9F6630C92BD762CB007DBAED /* AAInputSystem.m in Sources */,
				9F6630C52BD75BA6007DBAED /* AATransform.m in Sources */,
				9FCCC6622BD63E190030D066 /* AARenderer.m in Sources */,
				9F1326A02BB27DD70000E108 /* ViewController.m in Sources */,
				9FCCC66B2BD644340030D066 /* AAMath.m in Sources */,
				9F1326A72BB27DD90000E108 /* main.m in Sources */,
				9FCCC6652BD63EAB0030D066 /* AAPanoramaScene.m in Sources */,
				9F13269D2BB27DD70000E108 /* AppDelegate.m in Sources */,
				9FCCC66F2BD6446D0030D066 /* AASphere.m in Sources */,
				9F6630C02BD75856007DBAED /* AACamera.m in Sources */,
			);
			runOnlyForDeploymentPostprocessing = 0;
		};
		9F9032EE2BBD4FD500912FDB /* Sources */ = {
			isa = PBXSourcesBuildPhase;
			buildActionMask = 2147483647;
			files = (
				9F9032FC2BBD4FD500912FDB /* ViewController.m in Sources */,
				9FCCC6672BD63EB20030D066 /* AARenderer.m in Sources */,
				9F9032F62BBD4FD500912FDB /* AppDelegate.m in Sources */,
				9F9033072BBD4FD700912FDB /* main.m in Sources */,
				9F6630C12BD75856007DBAED /* AACamera.m in Sources */,
				9F6630CA2BD762CB007DBAED /* AAInputSystem.m in Sources */,
				9FCCC6662BD63EAF0030D066 /* AAPanoramaScene.m in Sources */,
				9FCCC6712BD64C3A0030D066 /* AAMath.m in Sources */,
				9F9032F92BBD4FD500912FDB /* SceneDelegate.m in Sources */,
				9FCCC6702BD64C170030D066 /* AASphere.m in Sources */,
				9F6630C62BD75BA6007DBAED /* AATransform.m in Sources */,
			);
			runOnlyForDeploymentPostprocessing = 0;
		};
/* End PBXSourcesBuildPhase section */

/* Begin PBXVariantGroup section */
		9F1326A32BB27DD90000E108 /* Main.storyboard */ = {
			isa = PBXVariantGroup;
			children = (
				9F1326A42BB27DD90000E108 /* Base */,
			);
			name = Main.storyboard;
			sourceTree = "<group>";
		};
		9F9032FD2BBD4FD500912FDB /* Main.storyboard */ = {
			isa = PBXVariantGroup;
			children = (
				9F9032FE2BBD4FD500912FDB /* Base */,
			);
			name = Main.storyboard;
			sourceTree = "<group>";
		};
		9F9033022BBD4FD700912FDB /* LaunchScreen.storyboard */ = {
			isa = PBXVariantGroup;
			children = (
				9F9033032BBD4FD700912FDB /* Base */,
			);
			name = LaunchScreen.storyboard;
			sourceTree = "<group>";
		};
/* End PBXVariantGroup section */

/* Begin XCBuildConfiguration section */
		9F1326A92BB27DD90000E108 /* Debug */ = {
			isa = XCBuildConfiguration;
			buildSettings = {
				ALWAYS_SEARCH_USER_PATHS = NO;
				ASSETCATALOG_COMPILER_GENERATE_SWIFT_ASSET_SYMBOL_EXTENSIONS = YES;
				CLANG_ANALYZER_NONNULL = YES;
				CLANG_ANALYZER_NUMBER_OBJECT_CONVERSION = YES_AGGRESSIVE;
				CLANG_CXX_LANGUAGE_STANDARD = "gnu++20";
				CLANG_ENABLE_MODULES = YES;
				CLANG_ENABLE_OBJC_ARC = YES;
				CLANG_ENABLE_OBJC_WEAK = YES;
				CLANG_WARN_BLOCK_CAPTURE_AUTORELEASING = YES;
				CLANG_WARN_BOOL_CONVERSION = YES;
				CLANG_WARN_COMMA = YES;
				CLANG_WARN_CONSTANT_CONVERSION = YES;
				CLANG_WARN_DEPRECATED_OBJC_IMPLEMENTATIONS = YES;
				CLANG_WARN_DIRECT_OBJC_ISA_USAGE = YES_ERROR;
				CLANG_WARN_DOCUMENTATION_COMMENTS = YES;
				CLANG_WARN_EMPTY_BODY = YES;
				CLANG_WARN_ENUM_CONVERSION = YES;
				CLANG_WARN_INFINITE_RECURSION = YES;
				CLANG_WARN_INT_CONVERSION = YES;
				CLANG_WARN_NON_LITERAL_NULL_CONVERSION = YES;
				CLANG_WARN_OBJC_IMPLICIT_RETAIN_SELF = YES;
				CLANG_WARN_OBJC_LITERAL_CONVERSION = YES;
				CLANG_WARN_OBJC_ROOT_CLASS = YES_ERROR;
				CLANG_WARN_QUOTED_INCLUDE_IN_FRAMEWORK_HEADER = YES;
				CLANG_WARN_RANGE_LOOP_ANALYSIS = YES;
				CLANG_WARN_STRICT_PROTOTYPES = YES;
				CLANG_WARN_SUSPICIOUS_MOVE = YES;
				CLANG_WARN_UNGUARDED_AVAILABILITY = YES_AGGRESSIVE;
				CLANG_WARN_UNREACHABLE_CODE = YES;
				CLANG_WARN__DUPLICATE_METHOD_MATCH = YES;
				COPY_PHASE_STRIP = NO;
				DEBUG_INFORMATION_FORMAT = dwarf;
				ENABLE_STRICT_OBJC_MSGSEND = YES;
				ENABLE_TESTABILITY = YES;
				ENABLE_USER_SCRIPT_SANDBOXING = YES;
				GCC_C_LANGUAGE_STANDARD = gnu17;
				GCC_DYNAMIC_NO_PIC = NO;
				GCC_NO_COMMON_BLOCKS = YES;
				GCC_OPTIMIZATION_LEVEL = 0;
				GCC_PREPROCESSOR_DEFINITIONS = (
					"DEBUG=1",
					"$(inherited)",
				);
				GCC_WARN_64_TO_32_BIT_CONVERSION = YES;
				GCC_WARN_ABOUT_RETURN_TYPE = YES_ERROR;
				GCC_WARN_UNDECLARED_SELECTOR = YES;
				GCC_WARN_UNINITIALIZED_AUTOS = YES_AGGRESSIVE;
				GCC_WARN_UNUSED_FUNCTION = YES;
				GCC_WARN_UNUSED_VARIABLE = YES;
				LOCALIZATION_PREFERS_STRING_CATALOGS = YES;
				MACOSX_DEPLOYMENT_TARGET = 13.5;
				MTL_ENABLE_DEBUG_INFO = INCLUDE_SOURCE;
				MTL_FAST_MATH = YES;
				ONLY_ACTIVE_ARCH = YES;
				SDKROOT = macosx;
			};
			name = Debug;
		};
		9F1326AA2BB27DD90000E108 /* Release */ = {
			isa = XCBuildConfiguration;
			buildSettings = {
				ALWAYS_SEARCH_USER_PATHS = NO;
				ASSETCATALOG_COMPILER_GENERATE_SWIFT_ASSET_SYMBOL_EXTENSIONS = YES;
				CLANG_ANALYZER_NONNULL = YES;
				CLANG_ANALYZER_NUMBER_OBJECT_CONVERSION = YES_AGGRESSIVE;
				CLANG_CXX_LANGUAGE_STANDARD = "gnu++20";
				CLANG_ENABLE_MODULES = YES;
				CLANG_ENABLE_OBJC_ARC = YES;
				CLANG_ENABLE_OBJC_WEAK = YES;
				CLANG_WARN_BLOCK_CAPTURE_AUTORELEASING = YES;
				CLANG_WARN_BOOL_CONVERSION = YES;
				CLANG_WARN_COMMA = YES;
				CLANG_WARN_CONSTANT_CONVERSION = YES;
				CLANG_WARN_DEPRECATED_OBJC_IMPLEMENTATIONS = YES;
				CLANG_WARN_DIRECT_OBJC_ISA_USAGE = YES_ERROR;
				CLANG_WARN_DOCUMENTATION_COMMENTS = YES;
				CLANG_WARN_EMPTY_BODY = YES;
				CLANG_WARN_ENUM_CONVERSION = YES;
				CLANG_WARN_INFINITE_RECURSION = YES;
				CLANG_WARN_INT_CONVERSION = YES;
				CLANG_WARN_NON_LITERAL_NULL_CONVERSION = YES;
				CLANG_WARN_OBJC_IMPLICIT_RETAIN_SELF = YES;
				CLANG_WARN_OBJC_LITERAL_CONVERSION = YES;
				CLANG_WARN_OBJC_ROOT_CLASS = YES_ERROR;
				CLANG_WARN_QUOTED_INCLUDE_IN_FRAMEWORK_HEADER = YES;
				CLANG_WARN_RANGE_LOOP_ANALYSIS = YES;
				CLANG_WARN_STRICT_PROTOTYPES = YES;
				CLANG_WARN_SUSPICIOUS_MOVE = YES;
				CLANG_WARN_UNGUARDED_AVAILABILITY = YES_AGGRESSIVE;
				CLANG_WARN_UNREACHABLE_CODE = YES;
				CLANG_WARN__DUPLICATE_METHOD_MATCH = YES;
				COPY_PHASE_STRIP = NO;
				DEBUG_INFORMATION_FORMAT = "dwarf-with-dsym";
				ENABLE_NS_ASSERTIONS = NO;
				ENABLE_STRICT_OBJC_MSGSEND = YES;
				ENABLE_USER_SCRIPT_SANDBOXING = YES;
				GCC_C_LANGUAGE_STANDARD = gnu17;
				GCC_NO_COMMON_BLOCKS = YES;
				GCC_WARN_64_TO_32_BIT_CONVERSION = YES;
				GCC_WARN_ABOUT_RETURN_TYPE = YES_ERROR;
				GCC_WARN_UNDECLARED_SELECTOR = YES;
				GCC_WARN_UNINITIALIZED_AUTOS = YES_AGGRESSIVE;
				GCC_WARN_UNUSED_FUNCTION = YES;
				GCC_WARN_UNUSED_VARIABLE = YES;
				LOCALIZATION_PREFERS_STRING_CATALOGS = YES;
				MACOSX_DEPLOYMENT_TARGET = 13.5;
				MTL_ENABLE_DEBUG_INFO = NO;
				MTL_FAST_MATH = YES;
				SDKROOT = macosx;
			};
			name = Release;
		};
		9F1326AC2BB27DD90000E108 /* Debug */ = {
			isa = XCBuildConfiguration;
			buildSettings = {
				ASSETCATALOG_COMPILER_APPICON_NAME = AppIcon;
				ASSETCATALOG_COMPILER_GLOBAL_ACCENT_COLOR_NAME = AccentColor;
				CODE_SIGN_ENTITLEMENTS = "AAEngine-Demo/AAEngine_Demo.entitlements";
				"CODE_SIGN_IDENTITY[sdk=macosx*]" = "-";
				CODE_SIGN_STYLE = Automatic;
				COMBINE_HIDPI_IMAGES = YES;
				CURRENT_PROJECT_VERSION = 1;
				GENERATE_INFOPLIST_FILE = YES;
				INFOPLIST_KEY_NSHumanReadableCopyright = "";
				INFOPLIST_KEY_NSMainStoryboardFile = Main;
				INFOPLIST_KEY_NSPrincipalClass = NSApplication;
				LD_RUNPATH_SEARCH_PATHS = (
					"$(inherited)",
					"@executable_path/../Frameworks",
				);
				MACOSX_DEPLOYMENT_TARGET = 13.5;
				MARKETING_VERSION = 1.0;
				PRODUCT_BUNDLE_IDENTIFIER = "allen0828.AAEngine-Demo";
				PRODUCT_NAME = "$(TARGET_NAME)";
				SWIFT_EMIT_LOC_STRINGS = YES;
			};
			name = Debug;
		};
		9F1326AD2BB27DD90000E108 /* Release */ = {
			isa = XCBuildConfiguration;
			buildSettings = {
				ASSETCATALOG_COMPILER_APPICON_NAME = AppIcon;
				ASSETCATALOG_COMPILER_GLOBAL_ACCENT_COLOR_NAME = AccentColor;
				CODE_SIGN_ENTITLEMENTS = "AAEngine-Demo/AAEngine_Demo.entitlements";
				"CODE_SIGN_IDENTITY[sdk=macosx*]" = "-";
				CODE_SIGN_STYLE = Automatic;
				COMBINE_HIDPI_IMAGES = YES;
				CURRENT_PROJECT_VERSION = 1;
				GENERATE_INFOPLIST_FILE = YES;
				INFOPLIST_KEY_NSHumanReadableCopyright = "";
				INFOPLIST_KEY_NSMainStoryboardFile = Main;
				INFOPLIST_KEY_NSPrincipalClass = NSApplication;
				LD_RUNPATH_SEARCH_PATHS = (
					"$(inherited)",
					"@executable_path/../Frameworks",
				);
				MACOSX_DEPLOYMENT_TARGET = 13.5;
				MARKETING_VERSION = 1.0;
				PRODUCT_BUNDLE_IDENTIFIER = "allen0828.AAEngine-Demo";
				PRODUCT_NAME = "$(TARGET_NAME)";
				SWIFT_EMIT_LOC_STRINGS = YES;
			};
			name = Release;
		};
		9F9033082BBD4FD700912FDB /* Debug */ = {
			isa = XCBuildConfiguration;
			buildSettings = {
				ASSETCATALOG_COMPILER_APPICON_NAME = AppIcon;
				ASSETCATALOG_COMPILER_GLOBAL_ACCENT_COLOR_NAME = AccentColor;
				CODE_SIGN_STYLE = Automatic;
				CURRENT_PROJECT_VERSION = 1;
				DEVELOPMENT_TEAM = D5M8CJ9NDR;
				GENERATE_INFOPLIST_FILE = YES;
				INFOPLIST_FILE = "AAEngine-iOS-Demo/Info.plist";
				INFOPLIST_KEY_UIApplicationSupportsIndirectInputEvents = YES;
				INFOPLIST_KEY_UILaunchStoryboardName = LaunchScreen;
				INFOPLIST_KEY_UIMainStoryboardFile = Main;
				INFOPLIST_KEY_UISupportedInterfaceOrientations_iPad = "UIInterfaceOrientationPortrait UIInterfaceOrientationPortraitUpsideDown UIInterfaceOrientationLandscapeLeft UIInterfaceOrientationLandscapeRight";
				INFOPLIST_KEY_UISupportedInterfaceOrientations_iPhone = "UIInterfaceOrientationPortrait UIInterfaceOrientationLandscapeLeft UIInterfaceOrientationLandscapeRight";
				IPHONEOS_DEPLOYMENT_TARGET = 17.2;
				LD_RUNPATH_SEARCH_PATHS = (
					"$(inherited)",
					"@executable_path/Frameworks",
				);
				MARKETING_VERSION = 1.0;
				PRODUCT_BUNDLE_IDENTIFIER = "allen0828.AAEngine-iOS-Demo";
				PRODUCT_NAME = "$(TARGET_NAME)";
				SDKROOT = iphoneos;
				SWIFT_EMIT_LOC_STRINGS = YES;
				TARGETED_DEVICE_FAMILY = "1,2";
			};
			name = Debug;
		};
		9F9033092BBD4FD700912FDB /* Release */ = {
			isa = XCBuildConfiguration;
			buildSettings = {
				ASSETCATALOG_COMPILER_APPICON_NAME = AppIcon;
				ASSETCATALOG_COMPILER_GLOBAL_ACCENT_COLOR_NAME = AccentColor;
				CODE_SIGN_STYLE = Automatic;
				CURRENT_PROJECT_VERSION = 1;
				DEVELOPMENT_TEAM = D5M8CJ9NDR;
				GENERATE_INFOPLIST_FILE = YES;
				INFOPLIST_FILE = "AAEngine-iOS-Demo/Info.plist";
				INFOPLIST_KEY_UIApplicationSupportsIndirectInputEvents = YES;
				INFOPLIST_KEY_UILaunchStoryboardName = LaunchScreen;
				INFOPLIST_KEY_UIMainStoryboardFile = Main;
				INFOPLIST_KEY_UISupportedInterfaceOrientations_iPad = "UIInterfaceOrientationPortrait UIInterfaceOrientationPortraitUpsideDown UIInterfaceOrientationLandscapeLeft UIInterfaceOrientationLandscapeRight";
				INFOPLIST_KEY_UISupportedInterfaceOrientations_iPhone = "UIInterfaceOrientationPortrait UIInterfaceOrientationLandscapeLeft UIInterfaceOrientationLandscapeRight";
				IPHONEOS_DEPLOYMENT_TARGET = 17.2;
				LD_RUNPATH_SEARCH_PATHS = (
					"$(inherited)",
					"@executable_path/Frameworks",
				);
				MARKETING_VERSION = 1.0;
				PRODUCT_BUNDLE_IDENTIFIER = "allen0828.AAEngine-iOS-Demo";
				PRODUCT_NAME = "$(TARGET_NAME)";
				SDKROOT = iphoneos;
				SWIFT_EMIT_LOC_STRINGS = YES;
				TARGETED_DEVICE_FAMILY = "1,2";
				VALIDATE_PRODUCT = YES;
			};
			name = Release;
		};
/* End XCBuildConfiguration section */

/* Begin XCConfigurationList section */
		9F1326932BB27DD70000E108 /* Build configuration list for PBXProject "AAEngine-Demo" */ = {
			isa = XCConfigurationList;
			buildConfigurations = (
				9F1326A92BB27DD90000E108 /* Debug */,
				9F1326AA2BB27DD90000E108 /* Release */,
			);
			defaultConfigurationIsVisible = 0;
			defaultConfigurationName = Release;
		};
		9F1326AB2BB27DD90000E108 /* Build configuration list for PBXNativeTarget "AAEngine-Demo" */ = {
			isa = XCConfigurationList;
			buildConfigurations = (
				9F1326AC2BB27DD90000E108 /* Debug */,
				9F1326AD2BB27DD90000E108 /* Release */,
			);
			defaultConfigurationIsVisible = 0;
			defaultConfigurationName = Release;
		};
		9F90330A2BBD4FD700912FDB /* Build configuration list for PBXNativeTarget "AAEngine-iOS-Demo" */ = {
			isa = XCConfigurationList;
			buildConfigurations = (
				9F9033082BBD4FD700912FDB /* Debug */,
				9F9033092BBD4FD700912FDB /* Release */,
			);
			defaultConfigurationIsVisible = 0;
			defaultConfigurationName = Release;
		};
/* End XCConfigurationList section */
	};
	rootObject = 9F1326902BB27DD70000E108 /* Project object */;
}
